
Microsoft Visual Studio Solution File, Format Version 12.00
# Visual Studio 2013
VisualStudioVersion = 12.0.30723.0
MinimumVisualStudioVersion = 10.0.40219.1
Project("{FAE04EC0-301F-11D3-BF4B-00C04F79EFBC}") = "TodoAppXaml", "TodoAppXaml\TodoAppXaml\TodoAppXaml.csproj", "{5947ADB5-BD9B-45F9-B234-AB30A3D09A82}"
EndProject
Project("{FAE04EC0-301F-11D3-BF4B-00C04F79EFBC}") = "TodoAppXaml.iOS", "TodoAppXaml\TodoAppXaml.iOS\TodoAppXaml.iOS.csproj", "{472BC6F2-544A-4D67-868C-BFFA98DADACD}"
EndProject
Project("{FAE04EC0-301F-11D3-BF4B-00C04F79EFBC}") = "TodoAppXaml.Android", "TodoAppXaml\TodoAppXaml.Android\TodoAppXaml.Android.csproj", "{AADDAF02-D490-405A-AEDD-3DDF39C9574D}"
EndProject
Project("{FAE04EC0-301F-11D3-BF4B-00C04F79EFBC}") = "TodoAppXaml.WinPhone", "TodoAppXaml\TodoAppXaml.WinPhone\TodoAppXaml.WinPhone.csproj", "{C40652F9-3956-483C-AF1C-922C16A622CD}"
EndProject
Global
	GlobalSection(SolutionConfigurationPlatforms) = preSolution
		Ad-Hoc|Any CPU = Ad-Hoc|Any CPU
		Ad-Hoc|ARM = Ad-Hoc|ARM
		Ad-Hoc|iPhone = Ad-Hoc|iPhone
		Ad-Hoc|iPhoneSimulator = Ad-Hoc|iPhoneSimulator
		Ad-Hoc|Mixed Platforms = Ad-Hoc|Mixed Platforms
		Ad-Hoc|x86 = Ad-Hoc|x86
		AppStore|Any CPU = AppStore|Any CPU
		AppStore|ARM = AppStore|ARM
		AppStore|iPhone = AppStore|iPhone
		AppStore|iPhoneSimulator = AppStore|iPhoneSimulator
		AppStore|Mixed Platforms = AppStore|Mixed Platforms
		AppStore|x86 = AppStore|x86
		Debug|Any CPU = Debug|Any CPU
		Debug|ARM = Debug|ARM
		Debug|iPhone = Debug|iPhone
		Debug|iPhoneSimulator = Debug|iPhoneSimulator
		Debug|Mixed Platforms = Debug|Mixed Platforms
		Debug|x86 = Debug|x86
		Release|Any CPU = Release|Any CPU
		Release|ARM = Release|ARM
		Release|iPhone = Release|iPhone
		Release|iPhoneSimulator = Release|iPhoneSimulator
		Release|Mixed Platforms = Release|Mixed Platforms
		Release|x86 = Release|x86
	EndGlobalSection
	GlobalSection(ProjectConfigurationPlatforms) = postSolution
		{5947ADB5-BD9B-45F9-B234-AB30A3D09A82}.Ad-Hoc|Any CPU.ActiveCfg = Release|Any CPU
		{5947ADB5-BD9B-45F9-B234-AB30A3D09A82}.Ad-Hoc|Any CPU.Build.0 = Release|Any CPU
		{5947ADB5-BD9B-45F9-B234-AB30A3D09A82}.Ad-Hoc|ARM.ActiveCfg = Release|Any CPU
		{5947ADB5-BD9B-45F9-B234-AB30A3D09A82}.Ad-Hoc|iPhone.ActiveCfg = Release|Any CPU
		{5947ADB5-BD9B-45F9-B234-AB30A3D09A82}.Ad-Hoc|iPhoneSimulator.ActiveCfg = Release|Any CPU
		{5947ADB5-BD9B-45F9-B234-AB30A3D09A82}.Ad-Hoc|Mixed Platforms.ActiveCfg = Release|Any CPU
		{5947ADB5-BD9B-45F9-B234-AB30A3D09A82}.Ad-Hoc|Mixed Platforms.Build.0 = Release|Any CPU
		{5947ADB5-BD9B-45F9-B234-AB30A3D09A82}.Ad-Hoc|x86.ActiveCfg = Release|Any CPU
		{5947ADB5-BD9B-45F9-B234-AB30A3D09A82}.AppStore|Any CPU.ActiveCfg = Release|Any CPU
		{5947ADB5-BD9B-45F9-B234-AB30A3D09A82}.AppStore|Any CPU.Build.0 = Release|Any CPU
		{5947ADB5-BD9B-45F9-B234-AB30A3D09A82}.AppStore|ARM.ActiveCfg = Release|Any CPU
		{5947ADB5-BD9B-45F9-B234-AB30A3D09A82}.AppStore|iPhone.ActiveCfg = Release|Any CPU
		{5947ADB5-BD9B-45F9-B234-AB30A3D09A82}.AppStore|iPhoneSimulator.ActiveCfg = Release|Any CPU
		{5947ADB5-BD9B-45F9-B234-AB30A3D09A82}.AppStore|Mixed Platforms.ActiveCfg = Release|Any CPU
		{5947ADB5-BD9B-45F9-B234-AB30A3D09A82}.AppStore|Mixed Platforms.Build.0 = Release|Any CPU
		{5947ADB5-BD9B-45F9-B234-AB30A3D09A82}.AppStore|x86.ActiveCfg = Release|Any CPU
		{5947ADB5-BD9B-45F9-B234-AB30A3D09A82}.Debug|Any CPU.ActiveCfg = Debug|Any CPU
		{5947ADB5-BD9B-45F9-B234-AB30A3D09A82}.Debug|Any CPU.Build.0 = Debug|Any CPU
		{5947ADB5-BD9B-45F9-B234-AB30A3D09A82}.Debug|ARM.ActiveCfg = Debug|Any CPU
		{5947ADB5-BD9B-45F9-B234-AB30A3D09A82}.Debug|iPhone.ActiveCfg = Debug|Any CPU
		{5947ADB5-BD9B-45F9-B234-AB30A3D09A82}.Debug|iPhoneSimulator.ActiveCfg = Debug|Any CPU
		{5947ADB5-BD9B-45F9-B234-AB30A3D09A82}.Debug|Mixed Platforms.ActiveCfg = Debug|Any CPU
		{5947ADB5-BD9B-45F9-B234-AB30A3D09A82}.Debug|Mixed Platforms.Build.0 = Debug|Any CPU
		{5947ADB5-BD9B-45F9-B234-AB30A3D09A82}.Debug|x86.ActiveCfg = Debug|Any CPU
		{5947ADB5-BD9B-45F9-B234-AB30A3D09A82}.Release|Any CPU.ActiveCfg = Release|Any CPU
		{5947ADB5-BD9B-45F9-B234-AB30A3D09A82}.Release|Any CPU.Build.0 = Release|Any CPU
		{5947ADB5-BD9B-45F9-B234-AB30A3D09A82}.Release|ARM.ActiveCfg = Release|Any CPU
		{5947ADB5-BD9B-45F9-B234-AB30A3D09A82}.Release|iPhone.ActiveCfg = Release|Any CPU
		{5947ADB5-BD9B-45F9-B234-AB30A3D09A82}.Release|iPhoneSimulator.ActiveCfg = Release|Any CPU
		{5947ADB5-BD9B-45F9-B234-AB30A3D09A82}.Release|Mixed Platforms.ActiveCfg = Release|Any CPU
		{5947ADB5-BD9B-45F9-B234-AB30A3D09A82}.Release|Mixed Platforms.Build.0 = Release|Any CPU
		{5947ADB5-BD9B-45F9-B234-AB30A3D09A82}.Release|x86.ActiveCfg = Release|Any CPU
		{472BC6F2-544A-4D67-868C-BFFA98DADACD}.Ad-Hoc|Any CPU.ActiveCfg = Ad-Hoc|iPhone
		{472BC6F2-544A-4D67-868C-BFFA98DADACD}.Ad-Hoc|ARM.ActiveCfg = Ad-Hoc|iPhone
		{472BC6F2-544A-4D67-868C-BFFA98DADACD}.Ad-Hoc|iPhone.ActiveCfg = Ad-Hoc|iPhone
		{472BC6F2-544A-4D67-868C-BFFA98DADACD}.Ad-Hoc|iPhone.Build.0 = Ad-Hoc|iPhone
		{472BC6F2-544A-4D67-868C-BFFA98DADACD}.Ad-Hoc|iPhoneSimulator.ActiveCfg = Ad-Hoc|iPhoneSimulator
		{472BC6F2-544A-4D67-868C-BFFA98DADACD}.Ad-Hoc|iPhoneSimulator.Build.0 = Ad-Hoc|iPhoneSimulator
		{472BC6F2-544A-4D67-868C-BFFA98DADACD}.Ad-Hoc|Mixed Platforms.ActiveCfg = Ad-Hoc|iPhone
		{472BC6F2-544A-4D67-868C-BFFA98DADACD}.Ad-Hoc|Mixed Platforms.Build.0 = Ad-Hoc|iPhone
		{472BC6F2-544A-4D67-868C-BFFA98DADACD}.Ad-Hoc|x86.ActiveCfg = Ad-Hoc|iPhone
		{472BC6F2-544A-4D67-868C-BFFA98DADACD}.AppStore|Any CPU.ActiveCfg = AppStore|iPhone
		{472BC6F2-544A-4D67-868C-BFFA98DADACD}.AppStore|ARM.ActiveCfg = AppStore|iPhone
		{472BC6F2-544A-4D67-868C-BFFA98DADACD}.AppStore|iPhone.ActiveCfg = AppStore|iPhone
		{472BC6F2-544A-4D67-868C-BFFA98DADACD}.AppStore|iPhone.Build.0 = AppStore|iPhone
		{472BC6F2-544A-4D67-868C-BFFA98DADACD}.AppStore|iPhoneSimulator.ActiveCfg = AppStore|iPhoneSimulator
		{472BC6F2-544A-4D67-868C-BFFA98DADACD}.AppStore|iPhoneSimulator.Build.0 = AppStore|iPhoneSimulator
		{472BC6F2-544A-4D67-868C-BFFA98DADACD}.AppStore|Mixed Platforms.ActiveCfg = AppStore|iPhone
		{472BC6F2-544A-4D67-868C-BFFA98DADACD}.AppStore|Mixed Platforms.Build.0 = AppStore|iPhone
		{472BC6F2-544A-4D67-868C-BFFA98DADACD}.AppStore|x86.ActiveCfg = AppStore|iPhone
		{472BC6F2-544A-4D67-868C-BFFA98DADACD}.Debug|Any CPU.ActiveCfg = Debug|iPhone
		{472BC6F2-544A-4D67-868C-BFFA98DADACD}.Debug|ARM.ActiveCfg = Debug|iPhone
		{472BC6F2-544A-4D67-868C-BFFA98DADACD}.Debug|iPhone.ActiveCfg = Debug|iPhone
		{472BC6F2-544A-4D67-868C-BFFA98DADACD}.Debug|iPhone.Build.0 = Debug|iPhone
		{472BC6F2-544A-4D67-868C-BFFA98DADACD}.Debug|iPhoneSimulator.ActiveCfg = Debug|iPhoneSimulator
		{472BC6F2-544A-4D67-868C-BFFA98DADACD}.Debug|iPhoneSimulator.Build.0 = Debug|iPhoneSimulator
		{472BC6F2-544A-4D67-868C-BFFA98DADACD}.Debug|Mixed Platforms.ActiveCfg = Debug|iPhone
		{472BC6F2-544A-4D67-868C-BFFA98DADACD}.Debug|Mixed Platforms.Build.0 = Debug|iPhone
		{472BC6F2-544A-4D67-868C-BFFA98DADACD}.Debug|x86.ActiveCfg = Debug|iPhone
		{472BC6F2-544A-4D67-868C-BFFA98DADACD}.Release|Any CPU.ActiveCfg = Release|iPhone
		{472BC6F2-544A-4D67-868C-BFFA98DADACD}.Release|ARM.ActiveCfg = Release|iPhone
		{472BC6F2-544A-4D67-868C-BFFA98DADACD}.Release|iPhone.ActiveCfg = Release|iPhone
		{472BC6F2-544A-4D67-868C-BFFA98DADACD}.Release|iPhone.Build.0 = Release|iPhone
		{472BC6F2-544A-4D67-868C-BFFA98DADACD}.Release|iPhoneSimulator.ActiveCfg = Release|iPhoneSimulator
		{472BC6F2-544A-4D67-868C-BFFA98DADACD}.Release|iPhoneSimulator.Build.0 = Release|iPhoneSimulator
		{472BC6F2-544A-4D67-868C-BFFA98DADACD}.Release|Mixed Platforms.ActiveCfg = Release|iPhone
		{472BC6F2-544A-4D67-868C-BFFA98DADACD}.Release|Mixed Platforms.Build.0 = Release|iPhone
		{472BC6F2-544A-4D67-868C-BFFA98DADACD}.Release|x86.ActiveCfg = Release|iPhone
		{AADDAF02-D490-405A-AEDD-3DDF39C9574D}.Ad-Hoc|Any CPU.ActiveCfg = Release|Any CPU
		{AADDAF02-D490-405A-AEDD-3DDF39C9574D}.Ad-Hoc|Any CPU.Build.0 = Release|Any CPU
		{AADDAF02-D490-405A-AEDD-3DDF39C9574D}.Ad-Hoc|Any CPU.Deploy.0 = Release|Any CPU
		{AADDAF02-D490-405A-AEDD-3DDF39C9574D}.Ad-Hoc|ARM.ActiveCfg = Release|Any CPU
		{AADDAF02-D490-405A-AEDD-3DDF39C9574D}.Ad-Hoc|iPhone.ActiveCfg = Release|Any CPU
		{AADDAF02-D490-405A-AEDD-3DDF39C9574D}.Ad-Hoc|iPhoneSimulator.ActiveCfg = Release|Any CPU
		{AADDAF02-D490-405A-AEDD-3DDF39C9574D}.Ad-Hoc|Mixed Platforms.ActiveCfg = Release|Any CPU
		{AADDAF02-D490-405A-AEDD-3DDF39C9574D}.Ad-Hoc|Mixed Platforms.Build.0 = Release|Any CPU
		{AADDAF02-D490-405A-AEDD-3DDF39C9574D}.Ad-Hoc|Mixed Platforms.Deploy.0 = Release|Any CPU
		{AADDAF02-D490-405A-AEDD-3DDF39C9574D}.Ad-Hoc|x86.ActiveCfg = Release|Any CPU
		{AADDAF02-D490-405A-AEDD-3DDF39C9574D}.AppStore|Any CPU.ActiveCfg = Release|Any CPU
		{AADDAF02-D490-405A-AEDD-3DDF39C9574D}.AppStore|Any CPU.Build.0 = Release|Any CPU
		{AADDAF02-D490-405A-AEDD-3DDF39C9574D}.AppStore|Any CPU.Deploy.0 = Release|Any CPU
		{AADDAF02-D490-405A-AEDD-3DDF39C9574D}.AppStore|ARM.ActiveCfg = Release|Any CPU
		{AADDAF02-D490-405A-AEDD-3DDF39C9574D}.AppStore|iPhone.ActiveCfg = Release|Any CPU
		{AADDAF02-D490-405A-AEDD-3DDF39C9574D}.AppStore|iPhoneSimulator.ActiveCfg = Release|Any CPU
		{AADDAF02-D490-405A-AEDD-3DDF39C9574D}.AppStore|Mixed Platforms.ActiveCfg = Release|Any CPU
		{AADDAF02-D490-405A-AEDD-3DDF39C9574D}.AppStore|Mixed Platforms.Build.0 = Release|Any CPU
		{AADDAF02-D490-405A-AEDD-3DDF39C9574D}.AppStore|Mixed Platforms.Deploy.0 = Release|Any CPU
		{AADDAF02-D490-405A-AEDD-3DDF39C9574D}.AppStore|x86.ActiveCfg = Release|Any CPU
		{AADDAF02-D490-405A-AEDD-3DDF39C9574D}.Debug|Any CPU.ActiveCfg = Debug|Any CPU
		{AADDAF02-D490-405A-AEDD-3DDF39C9574D}.Debug|Any CPU.Build.0 = Debug|Any CPU
		{AADDAF02-D490-405A-AEDD-3DDF39C9574D}.Debug|Any CPU.Deploy.0 = Debug|Any CPU
		{AADDAF02-D490-405A-AEDD-3DDF39C9574D}.Debug|ARM.ActiveCfg = Debug|Any CPU
		{AADDAF02-D490-405A-AEDD-3DDF39C9574D}.Debug|iPhone.ActiveCfg = Debug|Any CPU
		{AADDAF02-D490-405A-AEDD-3DDF39C9574D}.Debug|iPhoneSimulator.ActiveCfg = Debug|Any CPU
		{AADDAF02-D490-405A-AEDD-3DDF39C9574D}.Debug|Mixed Platforms.ActiveCfg = Debug|Any CPU
		{AADDAF02-D490-405A-AEDD-3DDF39C9574D}.Debug|Mixed Platforms.Build.0 = Debug|Any CPU
		{AADDAF02-D490-405A-AEDD-3DDF39C9574D}.Debug|Mixed Platforms.Deploy.0 = Debug|Any CPU
		{AADDAF02-D490-405A-AEDD-3DDF39C9574D}.Debug|x86.ActiveCfg = Debug|Any CPU
		{AADDAF02-D490-405A-AEDD-3DDF39C9574D}.Release|Any CPU.ActiveCfg = Release|Any CPU
		{AADDAF02-D490-405A-AEDD-3DDF39C9574D}.Release|Any CPU.Build.0 = Release|Any CPU
		{AADDAF02-D490-405A-AEDD-3DDF39C9574D}.Release|Any CPU.Deploy.0 = Release|Any CPU
		{AADDAF02-D490-405A-AEDD-3DDF39C9574D}.Release|ARM.ActiveCfg = Release|Any CPU
		{AADDAF02-D490-405A-AEDD-3DDF39C9574D}.Release|iPhone.ActiveCfg = Release|Any CPU
		{AADDAF02-D490-405A-AEDD-3DDF39C9574D}.Release|iPhoneSimulator.ActiveCfg = Release|Any CPU
		{AADDAF02-D490-405A-AEDD-3DDF39C9574D}.Release|Mixed Platforms.ActiveCfg = Release|Any CPU
		{AADDAF02-D490-405A-AEDD-3DDF39C9574D}.Release|Mixed Platforms.Build.0 = Release|Any CPU
		{AADDAF02-D490-405A-AEDD-3DDF39C9574D}.Release|Mixed Platforms.Deploy.0 = Release|Any CPU
		{AADDAF02-D490-405A-AEDD-3DDF39C9574D}.Release|x86.ActiveCfg = Release|Any CPU
		{C40652F9-3956-483C-AF1C-922C16A622CD}.Ad-Hoc|Any CPU.ActiveCfg = Release|Any CPU
		{C40652F9-3956-483C-AF1C-922C16A622CD}.Ad-Hoc|Any CPU.Build.0 = Release|Any CPU
		{C40652F9-3956-483C-AF1C-922C16A622CD}.Ad-Hoc|Any CPU.Deploy.0 = Release|Any CPU
		{C40652F9-3956-483C-AF1C-922C16A622CD}.Ad-Hoc|ARM.ActiveCfg = Release|ARM
		{C40652F9-3956-483C-AF1C-922C16A622CD}.Ad-Hoc|ARM.Build.0 = Release|ARM
		{C40652F9-3956-483C-AF1C-922C16A622CD}.Ad-Hoc|ARM.Deploy.0 = Release|ARM
		{C40652F9-3956-483C-AF1C-922C16A622CD}.Ad-Hoc|iPhone.ActiveCfg = Release|Any CPU
		{C40652F9-3956-483C-AF1C-922C16A622CD}.Ad-Hoc|iPhoneSimulator.ActiveCfg = Release|Any CPU
		{C40652F9-3956-483C-AF1C-922C16A622CD}.Ad-Hoc|Mixed Platforms.ActiveCfg = Release|x86
		{C40652F9-3956-483C-AF1C-922C16A622CD}.Ad-Hoc|Mixed Platforms.Build.0 = Release|x86
		{C40652F9-3956-483C-AF1C-922C16A622CD}.Ad-Hoc|Mixed Platforms.Deploy.0 = Release|x86
		{C40652F9-3956-483C-AF1C-922C16A622CD}.Ad-Hoc|x86.ActiveCfg = Release|x86
		{C40652F9-3956-483C-AF1C-922C16A622CD}.Ad-Hoc|x86.Build.0 = Release|x86
		{C40652F9-3956-483C-AF1C-922C16A622CD}.Ad-Hoc|x86.Deploy.0 = Release|x86
		{C40652F9-3956-483C-AF1C-922C16A622CD}.AppStore|Any CPU.ActiveCfg = Release|Any CPU
		{C40652F9-3956-483C-AF1C-922C16A622CD}.AppStore|Any CPU.Build.0 = Release|Any CPU
		{C40652F9-3956-483C-AF1C-922C16A622CD}.AppStore|Any CPU.Deploy.0 = Release|Any CPU
		{C40652F9-3956-483C-AF1C-922C16A622CD}.AppStore|ARM.ActiveCfg = Release|ARM
		{C40652F9-3956-483C-AF1C-922C16A622CD}.AppStore|ARM.Build.0 = Release|ARM
		{C40652F9-3956-483C-AF1C-922C16A622CD}.AppStore|ARM.Deploy.0 = Release|ARM
		{C40652F9-3956-483C-AF1C-922C16A622CD}.AppStore|iPhone.ActiveCfg = Release|Any CPU
		{C40652F9-3956-483C-AF1C-922C16A622CD}.AppStore|iPhoneSimulator.ActiveCfg = Release|Any CPU
		{C40652F9-3956-483C-AF1C-922C16A622CD}.AppStore|Mixed Platforms.ActiveCfg = Release|x86
		{C40652F9-3956-483C-AF1C-922C16A622CD}.AppStore|Mixed Platforms.Build.0 = Release|x86
		{C40652F9-3956-483C-AF1C-922C16A622CD}.AppStore|Mixed Platforms.Deploy.0 = Release|x86
		{C40652F9-3956-483C-AF1C-922C16A622CD}.AppStore|x86.ActiveCfg = Release|x86
		{C40652F9-3956-483C-AF1C-922C16A622CD}.AppStore|x86.Build.0 = Release|x86
		{C40652F9-3956-483C-AF1C-922C16A622CD}.AppStore|x86.Deploy.0 = Release|x86
		{C40652F9-3956-483C-AF1C-922C16A622CD}.Debug|Any CPU.ActiveCfg = Debug|Any CPU
		{C40652F9-3956-483C-AF1C-922C16A622CD}.Debug|Any CPU.Build.0 = Debug|Any CPU
		{C40652F9-3956-483C-AF1C-922C16A622CD}.Debug|Any CPU.Deploy.0 = Debug|Any CPU
		{C40652F9-3956-483C-AF1C-922C16A622CD}.Debug|ARM.ActiveCfg = Debug|ARM
		{C40652F9-3956-483C-AF1C-922C16A622CD}.Debug|ARM.Build.0 = Debug|ARM
		{C40652F9-3956-483C-AF1C-922C16A622CD}.Debug|ARM.Deploy.0 = Debug|ARM
		{C40652F9-3956-483C-AF1C-922C16A622CD}.Debug|iPhone.ActiveCfg = Debug|Any CPU
		{C40652F9-3956-483C-AF1C-922C16A622CD}.Debug|iPhoneSimulator.ActiveCfg = Debug|Any CPU
		{C40652F9-3956-483C-AF1C-922C16A622CD}.Debug|Mixed Platforms.ActiveCfg = Debug|ARM
		{C40652F9-3956-483C-AF1C-922C16A622CD}.Debug|Mixed Platforms.Build.0 = Debug|ARM
		{C40652F9-3956-483C-AF1C-922C16A622CD}.Debug|Mixed Platforms.Deploy.0 = Debug|ARM
		{C40652F9-3956-483C-AF1C-922C16A622CD}.Debug|x86.ActiveCfg = Debug|x86
		{C40652F9-3956-483C-AF1C-922C16A622CD}.Debug|x86.Build.0 = Debug|x86
		{C40652F9-3956-483C-AF1C-922C16A622CD}.Debug|x86.Deploy.0 = Debug|x86
		{C40652F9-3956-483C-AF1C-922C16A622CD}.Release|Any CPU.ActiveCfg = Release|Any CPU
		{C40652F9-3956-483C-AF1C-922C16A622CD}.Release|Any CPU.Build.0 = Release|Any CPU
		{C40652F9-3956-483C-AF1C-922C16A622CD}.Release|Any CPU.Deploy.0 = Release|Any CPU
		{C40652F9-3956-483C-AF1C-922C16A622CD}.Release|ARM.ActiveCfg = Release|ARM
		{C40652F9-3956-483C-AF1C-922C16A622CD}.Release|ARM.Build.0 = Release|ARM
		{C40652F9-3956-483C-AF1C-922C16A622CD}.Release|ARM.Deploy.0 = Release|ARM
		{C40652F9-3956-483C-AF1C-922C16A622CD}.Release|iPhone.ActiveCfg = Release|Any CPU
		{C40652F9-3956-483C-AF1C-922C16A622CD}.Release|iPhoneSimulator.ActiveCfg = Release|Any CPU
		{C40652F9-3956-483C-AF1C-922C16A622CD}.Release|Mixed Platforms.ActiveCfg = Release|x86
		{C40652F9-3956-483C-AF1C-922C16A622CD}.Release|Mixed Platforms.Build.0 = Release|x86
		{C40652F9-3956-483C-AF1C-922C16A622CD}.Release|Mixed Platforms.Deploy.0 = Release|x86
		{C40652F9-3956-483C-AF1C-922C16A622CD}.Release|x86.ActiveCfg = Release|x86
		{C40652F9-3956-483C-AF1C-922C16A622CD}.Release|x86.Build.0 = Release|x86
		{C40652F9-3956-483C-AF1C-922C16A622CD}.Release|x86.Deploy.0 = Release|x86
	EndGlobalSection
	GlobalSection(SolutionProperties) = preSolution
		HideSolutionNode = FALSE
	EndGlobalSection
EndGlobal
