
Microsoft Visual Studio Solution File, Format Version 12.00
# Visual Studio 2012
Project("{FAE04EC0-301F-11D3-BF4B-00C04F79EFBC}") = "BindingBasics", "BindingBasics\BindingBasics.csproj", "{B5AF97F2-E5EB-4E65-83B8-01EFD43CF354}"
EndProject
Project("{FAE04EC0-301F-11D3-BF4B-00C04F79EFBC}") = "BindingBasics.iOS", "iOS\BindingBasics.iOS.csproj", "{23D72282-0919-427E-9791-DD76D9CEAC1A}"
EndProject
Project("{FAE04EC0-301F-11D3-BF4B-00C04F79EFBC}") = "BindingBasics.Android", "Android\BindingBasics.Android.csproj", "{9AB89318-3FAB-4992-BFE6-59834B76574F}"
EndProject
Global
	GlobalSection(SolutionConfigurationPlatforms) = preSolution
		Debug|Any CPU = Debug|Any CPU
		Release|Any CPU = Release|Any CPU
		Debug|iPhoneSimulator = Debug|iPhoneSimulator
		Release|iPhoneSimulator = Release|iPhoneSimulator
		Debug|iPhone = Debug|iPhone
		Release|iPhone = Release|iPhone
		Ad-Hoc|iPhone = Ad-Hoc|iPhone
		AppStore|iPhone = AppStore|iPhone
	EndGlobalSection
	GlobalSection(ProjectConfigurationPlatforms) = postSolution
		{23D72282-0919-427E-9791-DD76D9CEAC1A}.Ad-Hoc|iPhone.ActiveCfg = Ad-Hoc|iPhone
		{23D72282-0919-427E-9791-DD76D9CEAC1A}.Ad-Hoc|iPhone.Build.0 = Ad-Hoc|iPhone
		{23D72282-0919-427E-9791-DD76D9CEAC1A}.AppStore|iPhone.ActiveCfg = AppStore|iPhone
		{23D72282-0919-427E-9791-DD76D9CEAC1A}.AppStore|iPhone.Build.0 = AppStore|iPhone
		{23D72282-0919-427E-9791-DD76D9CEAC1A}.Debug|Any CPU.ActiveCfg = Debug|iPhoneSimulator
		{23D72282-0919-427E-9791-DD76D9CEAC1A}.Debug|Any CPU.Build.0 = Debug|iPhoneSimulator
		{23D72282-0919-427E-9791-DD76D9CEAC1A}.Debug|iPhone.ActiveCfg = Debug|iPhone
		{23D72282-0919-427E-9791-DD76D9CEAC1A}.Debug|iPhone.Build.0 = Debug|iPhone
		{23D72282-0919-427E-9791-DD76D9CEAC1A}.Debug|iPhoneSimulator.ActiveCfg = Debug|iPhoneSimulator
		{23D72282-0919-427E-9791-DD76D9CEAC1A}.Debug|iPhoneSimulator.Build.0 = Debug|iPhoneSimulator
		{23D72282-0919-427E-9791-DD76D9CEAC1A}.Release|Any CPU.ActiveCfg = Release|iPhoneSimulator
		{23D72282-0919-427E-9791-DD76D9CEAC1A}.Release|Any CPU.Build.0 = Release|iPhoneSimulator
		{23D72282-0919-427E-9791-DD76D9CEAC1A}.Release|iPhone.ActiveCfg = Release|iPhone
		{23D72282-0919-427E-9791-DD76D9CEAC1A}.Release|iPhone.Build.0 = Release|iPhone
		{23D72282-0919-427E-9791-DD76D9CEAC1A}.Release|iPhoneSimulator.ActiveCfg = Release|iPhoneSimulator
		{23D72282-0919-427E-9791-DD76D9CEAC1A}.Release|iPhoneSimulator.Build.0 = Release|iPhoneSimulator
		{9AB89318-3FAB-4992-BFE6-59834B76574F}.Ad-Hoc|iPhone.ActiveCfg = Debug|Any CPU
		{9AB89318-3FAB-4992-BFE6-59834B76574F}.Ad-Hoc|iPhone.Build.0 = Debug|Any CPU
		{9AB89318-3FAB-4992-BFE6-59834B76574F}.AppStore|iPhone.ActiveCfg = Debug|Any CPU
		{9AB89318-3FAB-4992-BFE6-59834B76574F}.AppStore|iPhone.Build.0 = Debug|Any CPU
		{9AB89318-3FAB-4992-BFE6-59834B76574F}.Debug|Any CPU.ActiveCfg = Debug|Any CPU
		{9AB89318-3FAB-4992-BFE6-59834B76574F}.Debug|Any CPU.Build.0 = Debug|Any CPU
		{9AB89318-3FAB-4992-BFE6-59834B76574F}.Debug|iPhone.ActiveCfg = Debug|Any CPU
		{9AB89318-3FAB-4992-BFE6-59834B76574F}.Debug|iPhone.Build.0 = Debug|Any CPU
		{9AB89318-3FAB-4992-BFE6-59834B76574F}.Debug|iPhoneSimulator.ActiveCfg = Debug|Any CPU
		{9AB89318-3FAB-4992-BFE6-59834B76574F}.Debug|iPhoneSimulator.Build.0 = Debug|Any CPU
		{9AB89318-3FAB-4992-BFE6-59834B76574F}.Release|Any CPU.ActiveCfg = Release|Any CPU
		{9AB89318-3FAB-4992-BFE6-59834B76574F}.Release|Any CPU.Build.0 = Release|Any CPU
		{9AB89318-3FAB-4992-BFE6-59834B76574F}.Release|iPhone.ActiveCfg = Release|Any CPU
		{9AB89318-3FAB-4992-BFE6-59834B76574F}.Release|iPhone.Build.0 = Release|Any CPU
		{9AB89318-3FAB-4992-BFE6-59834B76574F}.Release|iPhoneSimulator.ActiveCfg = Release|Any CPU
		{9AB89318-3FAB-4992-BFE6-59834B76574F}.Release|iPhoneSimulator.Build.0 = Release|Any CPU
		{B5AF97F2-E5EB-4E65-83B8-01EFD43CF354}.Ad-Hoc|iPhone.ActiveCfg = Debug|Any CPU
		{B5AF97F2-E5EB-4E65-83B8-01EFD43CF354}.Ad-Hoc|iPhone.Build.0 = Debug|Any CPU
		{B5AF97F2-E5EB-4E65-83B8-01EFD43CF354}.AppStore|iPhone.ActiveCfg = Debug|Any CPU
		{B5AF97F2-E5EB-4E65-83B8-01EFD43CF354}.AppStore|iPhone.Build.0 = Debug|Any CPU
		{B5AF97F2-E5EB-4E65-83B8-01EFD43CF354}.Debug|Any CPU.ActiveCfg = Debug|Any CPU
		{B5AF97F2-E5EB-4E65-83B8-01EFD43CF354}.Debug|Any CPU.Build.0 = Debug|Any CPU
		{B5AF97F2-E5EB-4E65-83B8-01EFD43CF354}.Debug|iPhone.ActiveCfg = Debug|Any CPU
		{B5AF97F2-E5EB-4E65-83B8-01EFD43CF354}.Debug|iPhone.Build.0 = Debug|Any CPU
		{B5AF97F2-E5EB-4E65-83B8-01EFD43CF354}.Debug|iPhoneSimulator.ActiveCfg = Debug|Any CPU
		{B5AF97F2-E5EB-4E65-83B8-01EFD43CF354}.Debug|iPhoneSimulator.Build.0 = Debug|Any CPU
		{B5AF97F2-E5EB-4E65-83B8-01EFD43CF354}.Release|Any CPU.ActiveCfg = Release|Any CPU
		{B5AF97F2-E5EB-4E65-83B8-01EFD43CF354}.Release|Any CPU.Build.0 = Release|Any CPU
		{B5AF97F2-E5EB-4E65-83B8-01EFD43CF354}.Release|iPhone.ActiveCfg = Release|Any CPU
		{B5AF97F2-E5EB-4E65-83B8-01EFD43CF354}.Release|iPhone.Build.0 = Release|Any CPU
		{B5AF97F2-E5EB-4E65-83B8-01EFD43CF354}.Release|iPhoneSimulator.ActiveCfg = Release|Any CPU
		{B5AF97F2-E5EB-4E65-83B8-01EFD43CF354}.Release|iPhoneSimulator.Build.0 = Release|Any CPU
	EndGlobalSection
	GlobalSection(MonoDevelopProperties) = preSolution
		StartupItem = Android\BindingBasics.Android.csproj
	EndGlobalSection
EndGlobal
