
Microsoft Visual Studio Solution File, Format Version 12.00
# Visual Studio 2012
VisualStudioVersion = 12.0.30723.0
MinimumVisualStudioVersion = 10.0.40219.1
Project("{FAE04EC0-301F-11D3-BF4B-00C04F79EFBC}") = "BindingBasics", "BindingBasics\BindingBasics.csproj", "{B5AF97F2-E5EB-4E65-83B8-01EFD43CF354}"
EndProject
Project("{FAE04EC0-301F-11D3-BF4B-00C04F79EFBC}") = "BindingBasics.iOS", "iOS\BindingBasics.iOS.csproj", "{23D72282-0919-427E-9791-DD76D9CEAC1A}"
EndProject
Project("{FAE04EC0-301F-11D3-BF4B-00C04F79EFBC}") = "BindingBasics.Android", "Android\BindingBasics.Android.csproj", "{9AB89318-3FAB-4992-BFE6-59834B76574F}"
EndProject
Project("{FAE04EC0-301F-11D3-BF4B-00C04F79EFBC}") = "BindingBasics.WinPhone", "BindingBasics.WinPhone\BindingBasics.WinPhone.csproj", "{6D09F143-641F-4008-802C-69C5071A8C5A}"
EndProject
Global
	GlobalSection(SolutionConfigurationPlatforms) = preSolution
		Ad-Hoc|Any CPU = Ad-Hoc|Any CPU
		Ad-Hoc|ARM = Ad-Hoc|ARM
		Ad-Hoc|iPhone = Ad-Hoc|iPhone
		Ad-Hoc|iPhoneSimulator = Ad-Hoc|iPhoneSimulator
		Ad-Hoc|Mixed Platforms = Ad-Hoc|Mixed Platforms
		Ad-Hoc|x86 = Ad-Hoc|x86
		AppStore|Any CPU = AppStore|Any CPU
		AppStore|ARM = AppStore|ARM
		AppStore|iPhone = AppStore|iPhone
		AppStore|iPhoneSimulator = AppStore|iPhoneSimulator
		AppStore|Mixed Platforms = AppStore|Mixed Platforms
		AppStore|x86 = AppStore|x86
		Debug|Any CPU = Debug|Any CPU
		Debug|ARM = Debug|ARM
		Debug|iPhone = Debug|iPhone
		Debug|iPhoneSimulator = Debug|iPhoneSimulator
		Debug|Mixed Platforms = Debug|Mixed Platforms
		Debug|x86 = Debug|x86
		Release|Any CPU = Release|Any CPU
		Release|ARM = Release|ARM
		Release|iPhone = Release|iPhone
		Release|iPhoneSimulator = Release|iPhoneSimulator
		Release|Mixed Platforms = Release|Mixed Platforms
		Release|x86 = Release|x86
	EndGlobalSection
	GlobalSection(ProjectConfigurationPlatforms) = postSolution
		{23D72282-0919-427E-9791-DD76D9CEAC1A}.Ad-Hoc|Any CPU.ActiveCfg = Ad-Hoc|iPhoneSimulator
		{23D72282-0919-427E-9791-DD76D9CEAC1A}.Ad-Hoc|ARM.ActiveCfg = Ad-Hoc|iPhoneSimulator
		{23D72282-0919-427E-9791-DD76D9CEAC1A}.Ad-Hoc|iPhone.ActiveCfg = Ad-Hoc|iPhone
		{23D72282-0919-427E-9791-DD76D9CEAC1A}.Ad-Hoc|iPhone.Build.0 = Ad-Hoc|iPhone
		{23D72282-0919-427E-9791-DD76D9CEAC1A}.Ad-Hoc|iPhoneSimulator.ActiveCfg = Ad-Hoc|iPhoneSimulator
		{23D72282-0919-427E-9791-DD76D9CEAC1A}.Ad-Hoc|iPhoneSimulator.Build.0 = Ad-Hoc|iPhoneSimulator
		{23D72282-0919-427E-9791-DD76D9CEAC1A}.Ad-Hoc|Mixed Platforms.ActiveCfg = Ad-Hoc|iPhoneSimulator
		{23D72282-0919-427E-9791-DD76D9CEAC1A}.Ad-Hoc|Mixed Platforms.Build.0 = Ad-Hoc|iPhoneSimulator
		{23D72282-0919-427E-9791-DD76D9CEAC1A}.Ad-Hoc|x86.ActiveCfg = Ad-Hoc|iPhoneSimulator
		{23D72282-0919-427E-9791-DD76D9CEAC1A}.AppStore|Any CPU.ActiveCfg = AppStore|iPhoneSimulator
		{23D72282-0919-427E-9791-DD76D9CEAC1A}.AppStore|ARM.ActiveCfg = AppStore|iPhoneSimulator
		{23D72282-0919-427E-9791-DD76D9CEAC1A}.AppStore|iPhone.ActiveCfg = AppStore|iPhone
		{23D72282-0919-427E-9791-DD76D9CEAC1A}.AppStore|iPhone.Build.0 = AppStore|iPhone
		{23D72282-0919-427E-9791-DD76D9CEAC1A}.AppStore|iPhoneSimulator.ActiveCfg = AppStore|iPhoneSimulator
		{23D72282-0919-427E-9791-DD76D9CEAC1A}.AppStore|iPhoneSimulator.Build.0 = AppStore|iPhoneSimulator
		{23D72282-0919-427E-9791-DD76D9CEAC1A}.AppStore|Mixed Platforms.ActiveCfg = AppStore|iPhoneSimulator
		{23D72282-0919-427E-9791-DD76D9CEAC1A}.AppStore|Mixed Platforms.Build.0 = AppStore|iPhoneSimulator
		{23D72282-0919-427E-9791-DD76D9CEAC1A}.AppStore|x86.ActiveCfg = AppStore|iPhoneSimulator
		{23D72282-0919-427E-9791-DD76D9CEAC1A}.Debug|Any CPU.ActiveCfg = Debug|iPhoneSimulator
		{23D72282-0919-427E-9791-DD76D9CEAC1A}.Debug|Any CPU.Build.0 = Debug|iPhoneSimulator
		{23D72282-0919-427E-9791-DD76D9CEAC1A}.Debug|ARM.ActiveCfg = Debug|iPhone
		{23D72282-0919-427E-9791-DD76D9CEAC1A}.Debug|iPhone.ActiveCfg = Debug|iPhone
		{23D72282-0919-427E-9791-DD76D9CEAC1A}.Debug|iPhone.Build.0 = Debug|iPhone
		{23D72282-0919-427E-9791-DD76D9CEAC1A}.Debug|iPhoneSimulator.ActiveCfg = Debug|iPhoneSimulator
		{23D72282-0919-427E-9791-DD76D9CEAC1A}.Debug|iPhoneSimulator.Build.0 = Debug|iPhoneSimulator
		{23D72282-0919-427E-9791-DD76D9CEAC1A}.Debug|Mixed Platforms.ActiveCfg = Debug|iPhone
		{23D72282-0919-427E-9791-DD76D9CEAC1A}.Debug|Mixed Platforms.Build.0 = Debug|iPhone
		{23D72282-0919-427E-9791-DD76D9CEAC1A}.Debug|x86.ActiveCfg = Debug|iPhone
		{23D72282-0919-427E-9791-DD76D9CEAC1A}.Release|Any CPU.ActiveCfg = Release|iPhoneSimulator
		{23D72282-0919-427E-9791-DD76D9CEAC1A}.Release|Any CPU.Build.0 = Release|iPhoneSimulator
		{23D72282-0919-427E-9791-DD76D9CEAC1A}.Release|ARM.ActiveCfg = Release|iPhone
		{23D72282-0919-427E-9791-DD76D9CEAC1A}.Release|iPhone.ActiveCfg = Release|iPhone
		{23D72282-0919-427E-9791-DD76D9CEAC1A}.Release|iPhone.Build.0 = Release|iPhone
		{23D72282-0919-427E-9791-DD76D9CEAC1A}.Release|iPhoneSimulator.ActiveCfg = Release|iPhoneSimulator
		{23D72282-0919-427E-9791-DD76D9CEAC1A}.Release|iPhoneSimulator.Build.0 = Release|iPhoneSimulator
		{23D72282-0919-427E-9791-DD76D9CEAC1A}.Release|Mixed Platforms.ActiveCfg = Release|iPhone
		{23D72282-0919-427E-9791-DD76D9CEAC1A}.Release|Mixed Platforms.Build.0 = Release|iPhone
		{23D72282-0919-427E-9791-DD76D9CEAC1A}.Release|x86.ActiveCfg = Release|iPhone
		{6D09F143-641F-4008-802C-69C5071A8C5A}.Ad-Hoc|Any CPU.ActiveCfg = Release|Any CPU
		{6D09F143-641F-4008-802C-69C5071A8C5A}.Ad-Hoc|Any CPU.Build.0 = Release|Any CPU
		{6D09F143-641F-4008-802C-69C5071A8C5A}.Ad-Hoc|Any CPU.Deploy.0 = Release|Any CPU
		{6D09F143-641F-4008-802C-69C5071A8C5A}.Ad-Hoc|ARM.ActiveCfg = Release|ARM
		{6D09F143-641F-4008-802C-69C5071A8C5A}.Ad-Hoc|ARM.Build.0 = Release|ARM
		{6D09F143-641F-4008-802C-69C5071A8C5A}.Ad-Hoc|ARM.Deploy.0 = Release|ARM
		{6D09F143-641F-4008-802C-69C5071A8C5A}.Ad-Hoc|iPhone.ActiveCfg = Release|Any CPU
		{6D09F143-641F-4008-802C-69C5071A8C5A}.Ad-Hoc|iPhoneSimulator.ActiveCfg = Release|Any CPU
		{6D09F143-641F-4008-802C-69C5071A8C5A}.Ad-Hoc|Mixed Platforms.ActiveCfg = Release|x86
		{6D09F143-641F-4008-802C-69C5071A8C5A}.Ad-Hoc|Mixed Platforms.Build.0 = Release|x86
		{6D09F143-641F-4008-802C-69C5071A8C5A}.Ad-Hoc|Mixed Platforms.Deploy.0 = Release|x86
		{6D09F143-641F-4008-802C-69C5071A8C5A}.Ad-Hoc|x86.ActiveCfg = Release|x86
		{6D09F143-641F-4008-802C-69C5071A8C5A}.Ad-Hoc|x86.Build.0 = Release|x86
		{6D09F143-641F-4008-802C-69C5071A8C5A}.Ad-Hoc|x86.Deploy.0 = Release|x86
		{6D09F143-641F-4008-802C-69C5071A8C5A}.AppStore|Any CPU.ActiveCfg = Release|Any CPU
		{6D09F143-641F-4008-802C-69C5071A8C5A}.AppStore|Any CPU.Build.0 = Release|Any CPU
		{6D09F143-641F-4008-802C-69C5071A8C5A}.AppStore|Any CPU.Deploy.0 = Release|Any CPU
		{6D09F143-641F-4008-802C-69C5071A8C5A}.AppStore|ARM.ActiveCfg = Release|ARM
		{6D09F143-641F-4008-802C-69C5071A8C5A}.AppStore|ARM.Build.0 = Release|ARM
		{6D09F143-641F-4008-802C-69C5071A8C5A}.AppStore|ARM.Deploy.0 = Release|ARM
		{6D09F143-641F-4008-802C-69C5071A8C5A}.AppStore|iPhone.ActiveCfg = Release|Any CPU
		{6D09F143-641F-4008-802C-69C5071A8C5A}.AppStore|iPhoneSimulator.ActiveCfg = Release|Any CPU
		{6D09F143-641F-4008-802C-69C5071A8C5A}.AppStore|Mixed Platforms.ActiveCfg = Release|x86
		{6D09F143-641F-4008-802C-69C5071A8C5A}.AppStore|Mixed Platforms.Build.0 = Release|x86
		{6D09F143-641F-4008-802C-69C5071A8C5A}.AppStore|Mixed Platforms.Deploy.0 = Release|x86
		{6D09F143-641F-4008-802C-69C5071A8C5A}.AppStore|x86.ActiveCfg = Release|x86
		{6D09F143-641F-4008-802C-69C5071A8C5A}.AppStore|x86.Build.0 = Release|x86
		{6D09F143-641F-4008-802C-69C5071A8C5A}.AppStore|x86.Deploy.0 = Release|x86
		{6D09F143-641F-4008-802C-69C5071A8C5A}.Debug|Any CPU.ActiveCfg = Debug|Any CPU
		{6D09F143-641F-4008-802C-69C5071A8C5A}.Debug|Any CPU.Build.0 = Debug|Any CPU
		{6D09F143-641F-4008-802C-69C5071A8C5A}.Debug|Any CPU.Deploy.0 = Debug|Any CPU
		{6D09F143-641F-4008-802C-69C5071A8C5A}.Debug|ARM.ActiveCfg = Debug|ARM
		{6D09F143-641F-4008-802C-69C5071A8C5A}.Debug|ARM.Build.0 = Debug|ARM
		{6D09F143-641F-4008-802C-69C5071A8C5A}.Debug|ARM.Deploy.0 = Debug|ARM
		{6D09F143-641F-4008-802C-69C5071A8C5A}.Debug|iPhone.ActiveCfg = Debug|Any CPU
		{6D09F143-641F-4008-802C-69C5071A8C5A}.Debug|iPhoneSimulator.ActiveCfg = Debug|Any CPU
		{6D09F143-641F-4008-802C-69C5071A8C5A}.Debug|Mixed Platforms.ActiveCfg = Debug|Any CPU
		{6D09F143-641F-4008-802C-69C5071A8C5A}.Debug|Mixed Platforms.Build.0 = Debug|Any CPU
		{6D09F143-641F-4008-802C-69C5071A8C5A}.Debug|Mixed Platforms.Deploy.0 = Debug|Any CPU
		{6D09F143-641F-4008-802C-69C5071A8C5A}.Debug|x86.ActiveCfg = Debug|x86
		{6D09F143-641F-4008-802C-69C5071A8C5A}.Debug|x86.Build.0 = Debug|x86
		{6D09F143-641F-4008-802C-69C5071A8C5A}.Debug|x86.Deploy.0 = Debug|x86
		{6D09F143-641F-4008-802C-69C5071A8C5A}.Release|Any CPU.ActiveCfg = Release|Any CPU
		{6D09F143-641F-4008-802C-69C5071A8C5A}.Release|Any CPU.Build.0 = Release|Any CPU
		{6D09F143-641F-4008-802C-69C5071A8C5A}.Release|Any CPU.Deploy.0 = Release|Any CPU
		{6D09F143-641F-4008-802C-69C5071A8C5A}.Release|ARM.ActiveCfg = Release|ARM
		{6D09F143-641F-4008-802C-69C5071A8C5A}.Release|ARM.Build.0 = Release|ARM
		{6D09F143-641F-4008-802C-69C5071A8C5A}.Release|ARM.Deploy.0 = Release|ARM
		{6D09F143-641F-4008-802C-69C5071A8C5A}.Release|iPhone.ActiveCfg = Release|Any CPU
		{6D09F143-641F-4008-802C-69C5071A8C5A}.Release|iPhoneSimulator.ActiveCfg = Release|Any CPU
		{6D09F143-641F-4008-802C-69C5071A8C5A}.Release|Mixed Platforms.ActiveCfg = Release|x86
		{6D09F143-641F-4008-802C-69C5071A8C5A}.Release|Mixed Platforms.Build.0 = Release|x86
		{6D09F143-641F-4008-802C-69C5071A8C5A}.Release|Mixed Platforms.Deploy.0 = Release|x86
		{6D09F143-641F-4008-802C-69C5071A8C5A}.Release|x86.ActiveCfg = Release|x86
		{6D09F143-641F-4008-802C-69C5071A8C5A}.Release|x86.Build.0 = Release|x86
		{6D09F143-641F-4008-802C-69C5071A8C5A}.Release|x86.Deploy.0 = Release|x86
		{9AB89318-3FAB-4992-BFE6-59834B76574F}.Ad-Hoc|Any CPU.ActiveCfg = Release|Any CPU
		{9AB89318-3FAB-4992-BFE6-59834B76574F}.Ad-Hoc|Any CPU.Build.0 = Release|Any CPU
		{9AB89318-3FAB-4992-BFE6-59834B76574F}.Ad-Hoc|Any CPU.Deploy.0 = Release|Any CPU
		{9AB89318-3FAB-4992-BFE6-59834B76574F}.Ad-Hoc|ARM.ActiveCfg = Release|Any CPU
		{9AB89318-3FAB-4992-BFE6-59834B76574F}.Ad-Hoc|iPhone.ActiveCfg = Debug|Any CPU
		{9AB89318-3FAB-4992-BFE6-59834B76574F}.Ad-Hoc|iPhone.Build.0 = Debug|Any CPU
		{9AB89318-3FAB-4992-BFE6-59834B76574F}.Ad-Hoc|iPhoneSimulator.ActiveCfg = Release|Any CPU
		{9AB89318-3FAB-4992-BFE6-59834B76574F}.Ad-Hoc|Mixed Platforms.ActiveCfg = Release|Any CPU
		{9AB89318-3FAB-4992-BFE6-59834B76574F}.Ad-Hoc|Mixed Platforms.Build.0 = Release|Any CPU
		{9AB89318-3FAB-4992-BFE6-59834B76574F}.Ad-Hoc|Mixed Platforms.Deploy.0 = Release|Any CPU
		{9AB89318-3FAB-4992-BFE6-59834B76574F}.Ad-Hoc|x86.ActiveCfg = Release|Any CPU
		{9AB89318-3FAB-4992-BFE6-59834B76574F}.AppStore|Any CPU.ActiveCfg = Release|Any CPU
		{9AB89318-3FAB-4992-BFE6-59834B76574F}.AppStore|Any CPU.Build.0 = Release|Any CPU
		{9AB89318-3FAB-4992-BFE6-59834B76574F}.AppStore|Any CPU.Deploy.0 = Release|Any CPU
		{9AB89318-3FAB-4992-BFE6-59834B76574F}.AppStore|ARM.ActiveCfg = Release|Any CPU
		{9AB89318-3FAB-4992-BFE6-59834B76574F}.AppStore|iPhone.ActiveCfg = Debug|Any CPU
		{9AB89318-3FAB-4992-BFE6-59834B76574F}.AppStore|iPhone.Build.0 = Debug|Any CPU
		{9AB89318-3FAB-4992-BFE6-59834B76574F}.AppStore|iPhoneSimulator.ActiveCfg = Release|Any CPU
		{9AB89318-3FAB-4992-BFE6-59834B76574F}.AppStore|Mixed Platforms.ActiveCfg = Release|Any CPU
		{9AB89318-3FAB-4992-BFE6-59834B76574F}.AppStore|Mixed Platforms.Build.0 = Release|Any CPU
		{9AB89318-3FAB-4992-BFE6-59834B76574F}.AppStore|Mixed Platforms.Deploy.0 = Release|Any CPU
		{9AB89318-3FAB-4992-BFE6-59834B76574F}.AppStore|x86.ActiveCfg = Release|Any CPU
		{9AB89318-3FAB-4992-BFE6-59834B76574F}.Debug|Any CPU.ActiveCfg = Debug|Any CPU
		{9AB89318-3FAB-4992-BFE6-59834B76574F}.Debug|Any CPU.Build.0 = Debug|Any CPU
		{9AB89318-3FAB-4992-BFE6-59834B76574F}.Debug|Any CPU.Deploy.0 = Debug|Any CPU
		{9AB89318-3FAB-4992-BFE6-59834B76574F}.Debug|ARM.ActiveCfg = Debug|Any CPU
		{9AB89318-3FAB-4992-BFE6-59834B76574F}.Debug|iPhone.ActiveCfg = Debug|Any CPU
		{9AB89318-3FAB-4992-BFE6-59834B76574F}.Debug|iPhone.Build.0 = Debug|Any CPU
		{9AB89318-3FAB-4992-BFE6-59834B76574F}.Debug|iPhoneSimulator.ActiveCfg = Debug|Any CPU
		{9AB89318-3FAB-4992-BFE6-59834B76574F}.Debug|iPhoneSimulator.Build.0 = Debug|Any CPU
		{9AB89318-3FAB-4992-BFE6-59834B76574F}.Debug|Mixed Platforms.ActiveCfg = Debug|Any CPU
		{9AB89318-3FAB-4992-BFE6-59834B76574F}.Debug|Mixed Platforms.Build.0 = Debug|Any CPU
		{9AB89318-3FAB-4992-BFE6-59834B76574F}.Debug|Mixed Platforms.Deploy.0 = Debug|Any CPU
		{9AB89318-3FAB-4992-BFE6-59834B76574F}.Debug|x86.ActiveCfg = Debug|Any CPU
		{9AB89318-3FAB-4992-BFE6-59834B76574F}.Release|Any CPU.ActiveCfg = Release|Any CPU
		{9AB89318-3FAB-4992-BFE6-59834B76574F}.Release|Any CPU.Build.0 = Release|Any CPU
		{9AB89318-3FAB-4992-BFE6-59834B76574F}.Release|ARM.ActiveCfg = Release|Any CPU
		{9AB89318-3FAB-4992-BFE6-59834B76574F}.Release|iPhone.ActiveCfg = Release|Any CPU
		{9AB89318-3FAB-4992-BFE6-59834B76574F}.Release|iPhone.Build.0 = Release|Any CPU
		{9AB89318-3FAB-4992-BFE6-59834B76574F}.Release|iPhoneSimulator.ActiveCfg = Release|Any CPU
		{9AB89318-3FAB-4992-BFE6-59834B76574F}.Release|iPhoneSimulator.Build.0 = Release|Any CPU
		{9AB89318-3FAB-4992-BFE6-59834B76574F}.Release|Mixed Platforms.ActiveCfg = Release|Any CPU
		{9AB89318-3FAB-4992-BFE6-59834B76574F}.Release|Mixed Platforms.Build.0 = Release|Any CPU
		{9AB89318-3FAB-4992-BFE6-59834B76574F}.Release|Mixed Platforms.Deploy.0 = Release|Any CPU
		{9AB89318-3FAB-4992-BFE6-59834B76574F}.Release|x86.ActiveCfg = Release|Any CPU
		{B5AF97F2-E5EB-4E65-83B8-01EFD43CF354}.Ad-Hoc|Any CPU.ActiveCfg = Release|Any CPU
		{B5AF97F2-E5EB-4E65-83B8-01EFD43CF354}.Ad-Hoc|Any CPU.Build.0 = Release|Any CPU
		{B5AF97F2-E5EB-4E65-83B8-01EFD43CF354}.Ad-Hoc|ARM.ActiveCfg = Release|Any CPU
		{B5AF97F2-E5EB-4E65-83B8-01EFD43CF354}.Ad-Hoc|iPhone.ActiveCfg = Debug|Any CPU
		{B5AF97F2-E5EB-4E65-83B8-01EFD43CF354}.Ad-Hoc|iPhone.Build.0 = Debug|Any CPU
		{B5AF97F2-E5EB-4E65-83B8-01EFD43CF354}.Ad-Hoc|iPhoneSimulator.ActiveCfg = Release|Any CPU
		{B5AF97F2-E5EB-4E65-83B8-01EFD43CF354}.Ad-Hoc|Mixed Platforms.ActiveCfg = Release|Any CPU
		{B5AF97F2-E5EB-4E65-83B8-01EFD43CF354}.Ad-Hoc|Mixed Platforms.Build.0 = Release|Any CPU
		{B5AF97F2-E5EB-4E65-83B8-01EFD43CF354}.Ad-Hoc|x86.ActiveCfg = Release|Any CPU
		{B5AF97F2-E5EB-4E65-83B8-01EFD43CF354}.AppStore|Any CPU.ActiveCfg = Release|Any CPU
		{B5AF97F2-E5EB-4E65-83B8-01EFD43CF354}.AppStore|Any CPU.Build.0 = Release|Any CPU
		{B5AF97F2-E5EB-4E65-83B8-01EFD43CF354}.AppStore|ARM.ActiveCfg = Release|Any CPU
		{B5AF97F2-E5EB-4E65-83B8-01EFD43CF354}.AppStore|iPhone.ActiveCfg = Debug|Any CPU
		{B5AF97F2-E5EB-4E65-83B8-01EFD43CF354}.AppStore|iPhone.Build.0 = Debug|Any CPU
		{B5AF97F2-E5EB-4E65-83B8-01EFD43CF354}.AppStore|iPhoneSimulator.ActiveCfg = Release|Any CPU
		{B5AF97F2-E5EB-4E65-83B8-01EFD43CF354}.AppStore|Mixed Platforms.ActiveCfg = Release|Any CPU
		{B5AF97F2-E5EB-4E65-83B8-01EFD43CF354}.AppStore|Mixed Platforms.Build.0 = Release|Any CPU
		{B5AF97F2-E5EB-4E65-83B8-01EFD43CF354}.AppStore|x86.ActiveCfg = Release|Any CPU
		{B5AF97F2-E5EB-4E65-83B8-01EFD43CF354}.Debug|Any CPU.ActiveCfg = Debug|Any CPU
		{B5AF97F2-E5EB-4E65-83B8-01EFD43CF354}.Debug|Any CPU.Build.0 = Debug|Any CPU
		{B5AF97F2-E5EB-4E65-83B8-01EFD43CF354}.Debug|ARM.ActiveCfg = Debug|Any CPU
		{B5AF97F2-E5EB-4E65-83B8-01EFD43CF354}.Debug|iPhone.ActiveCfg = Debug|Any CPU
		{B5AF97F2-E5EB-4E65-83B8-01EFD43CF354}.Debug|iPhone.Build.0 = Debug|Any CPU
		{B5AF97F2-E5EB-4E65-83B8-01EFD43CF354}.Debug|iPhoneSimulator.ActiveCfg = Debug|Any CPU
		{B5AF97F2-E5EB-4E65-83B8-01EFD43CF354}.Debug|iPhoneSimulator.Build.0 = Debug|Any CPU
		{B5AF97F2-E5EB-4E65-83B8-01EFD43CF354}.Debug|Mixed Platforms.ActiveCfg = Debug|Any CPU
		{B5AF97F2-E5EB-4E65-83B8-01EFD43CF354}.Debug|Mixed Platforms.Build.0 = Debug|Any CPU
		{B5AF97F2-E5EB-4E65-83B8-01EFD43CF354}.Debug|x86.ActiveCfg = Debug|Any CPU
		{B5AF97F2-E5EB-4E65-83B8-01EFD43CF354}.Release|Any CPU.ActiveCfg = Release|Any CPU
		{B5AF97F2-E5EB-4E65-83B8-01EFD43CF354}.Release|Any CPU.Build.0 = Release|Any CPU
		{B5AF97F2-E5EB-4E65-83B8-01EFD43CF354}.Release|ARM.ActiveCfg = Release|Any CPU
		{B5AF97F2-E5EB-4E65-83B8-01EFD43CF354}.Release|iPhone.ActiveCfg = Release|Any CPU
		{B5AF97F2-E5EB-4E65-83B8-01EFD43CF354}.Release|iPhone.Build.0 = Release|Any CPU
		{B5AF97F2-E5EB-4E65-83B8-01EFD43CF354}.Release|iPhoneSimulator.ActiveCfg = Release|Any CPU
		{B5AF97F2-E5EB-4E65-83B8-01EFD43CF354}.Release|iPhoneSimulator.Build.0 = Release|Any CPU
		{B5AF97F2-E5EB-4E65-83B8-01EFD43CF354}.Release|Mixed Platforms.ActiveCfg = Release|Any CPU
		{B5AF97F2-E5EB-4E65-83B8-01EFD43CF354}.Release|Mixed Platforms.Build.0 = Release|Any CPU
		{B5AF97F2-E5EB-4E65-83B8-01EFD43CF354}.Release|x86.ActiveCfg = Release|Any CPU
	EndGlobalSection
	GlobalSection(MonoDevelopProperties) = preSolution
		StartupItem = iOS\BindingBasics.iOS.csproj
	EndGlobalSection
	GlobalSection(SolutionProperties) = preSolution
		HideSolutionNode = FALSE
	EndGlobalSection
EndGlobal
