
Microsoft Visual Studio Solution File, Format Version 12.00
# Visual Studio 2013
VisualStudioVersion = 12.0.30723.0
MinimumVisualStudioVersion = 10.0.40219.1
Project("{FAE04EC0-301F-11D3-BF4B-00C04F79EFBC}") = "MineSweeper", "MineSweeper\MineSweeper\MineSweeper.csproj", "{D5B8A656-C0FA-4414-9526-FDB780681155}"
EndProject
Project("{FAE04EC0-301F-11D3-BF4B-00C04F79EFBC}") = "MineSweeper.iOS", "MineSweeper\MineSweeper.iOS\MineSweeper.iOS.csproj", "{D8ABED42-4C20-4540-89FE-FC8F5E99E872}"
EndProject
Project("{FAE04EC0-301F-11D3-BF4B-00C04F79EFBC}") = "MineSweeper.Android", "MineSweeper\MineSweeper.Android\MineSweeper.Android.csproj", "{930E9CF3-5341-4BEE-B770-C5DFE0222ACC}"
EndProject
Project("{FAE04EC0-301F-11D3-BF4B-00C04F79EFBC}") = "MineSweeper.WinPhone", "MineSweeper\MineSweeper.WinPhone\MineSweeper.WinPhone.csproj", "{DA4DACD0-5794-4551-AD8E-C549AD48CC8C}"
EndProject
Project("{FAE04EC0-301F-11D3-BF4B-00C04F79EFBC}") = "MineSweeperCore", "MineSweeperCore\MineSweeperCore.csproj", "{67F9D3A8-F71E-4428-913F-C37AE82CDB24}"
EndProject
Global
	GlobalSection(SolutionConfigurationPlatforms) = preSolution
		Ad-Hoc|Any CPU = Ad-Hoc|Any CPU
		Ad-Hoc|ARM = Ad-Hoc|ARM
		Ad-Hoc|iPhone = Ad-Hoc|iPhone
		Ad-Hoc|iPhoneSimulator = Ad-Hoc|iPhoneSimulator
		Ad-Hoc|Mixed Platforms = Ad-Hoc|Mixed Platforms
		Ad-Hoc|x86 = Ad-Hoc|x86
		AppStore|Any CPU = AppStore|Any CPU
		AppStore|ARM = AppStore|ARM
		AppStore|iPhone = AppStore|iPhone
		AppStore|iPhoneSimulator = AppStore|iPhoneSimulator
		AppStore|Mixed Platforms = AppStore|Mixed Platforms
		AppStore|x86 = AppStore|x86
		Debug|Any CPU = Debug|Any CPU
		Debug|ARM = Debug|ARM
		Debug|iPhone = Debug|iPhone
		Debug|iPhoneSimulator = Debug|iPhoneSimulator
		Debug|Mixed Platforms = Debug|Mixed Platforms
		Debug|x86 = Debug|x86
		Release|Any CPU = Release|Any CPU
		Release|ARM = Release|ARM
		Release|iPhone = Release|iPhone
		Release|iPhoneSimulator = Release|iPhoneSimulator
		Release|Mixed Platforms = Release|Mixed Platforms
		Release|x86 = Release|x86
	EndGlobalSection
	GlobalSection(ProjectConfigurationPlatforms) = postSolution
		{D5B8A656-C0FA-4414-9526-FDB780681155}.Ad-Hoc|Any CPU.ActiveCfg = Release|Any CPU
		{D5B8A656-C0FA-4414-9526-FDB780681155}.Ad-Hoc|Any CPU.Build.0 = Release|Any CPU
		{D5B8A656-C0FA-4414-9526-FDB780681155}.Ad-Hoc|ARM.ActiveCfg = Release|Any CPU
		{D5B8A656-C0FA-4414-9526-FDB780681155}.Ad-Hoc|iPhone.ActiveCfg = Release|Any CPU
		{D5B8A656-C0FA-4414-9526-FDB780681155}.Ad-Hoc|iPhoneSimulator.ActiveCfg = Release|Any CPU
		{D5B8A656-C0FA-4414-9526-FDB780681155}.Ad-Hoc|Mixed Platforms.ActiveCfg = Release|Any CPU
		{D5B8A656-C0FA-4414-9526-FDB780681155}.Ad-Hoc|Mixed Platforms.Build.0 = Release|Any CPU
		{D5B8A656-C0FA-4414-9526-FDB780681155}.Ad-Hoc|x86.ActiveCfg = Release|Any CPU
		{D5B8A656-C0FA-4414-9526-FDB780681155}.AppStore|Any CPU.ActiveCfg = Release|Any CPU
		{D5B8A656-C0FA-4414-9526-FDB780681155}.AppStore|Any CPU.Build.0 = Release|Any CPU
		{D5B8A656-C0FA-4414-9526-FDB780681155}.AppStore|ARM.ActiveCfg = Release|Any CPU
		{D5B8A656-C0FA-4414-9526-FDB780681155}.AppStore|iPhone.ActiveCfg = Release|Any CPU
		{D5B8A656-C0FA-4414-9526-FDB780681155}.AppStore|iPhoneSimulator.ActiveCfg = Release|Any CPU
		{D5B8A656-C0FA-4414-9526-FDB780681155}.AppStore|Mixed Platforms.ActiveCfg = Release|Any CPU
		{D5B8A656-C0FA-4414-9526-FDB780681155}.AppStore|Mixed Platforms.Build.0 = Release|Any CPU
		{D5B8A656-C0FA-4414-9526-FDB780681155}.AppStore|x86.ActiveCfg = Release|Any CPU
		{D5B8A656-C0FA-4414-9526-FDB780681155}.Debug|Any CPU.ActiveCfg = Debug|Any CPU
		{D5B8A656-C0FA-4414-9526-FDB780681155}.Debug|Any CPU.Build.0 = Debug|Any CPU
		{D5B8A656-C0FA-4414-9526-FDB780681155}.Debug|ARM.ActiveCfg = Debug|Any CPU
		{D5B8A656-C0FA-4414-9526-FDB780681155}.Debug|iPhone.ActiveCfg = Debug|Any CPU
		{D5B8A656-C0FA-4414-9526-FDB780681155}.Debug|iPhoneSimulator.ActiveCfg = Debug|Any CPU
		{D5B8A656-C0FA-4414-9526-FDB780681155}.Debug|Mixed Platforms.ActiveCfg = Debug|Any CPU
		{D5B8A656-C0FA-4414-9526-FDB780681155}.Debug|Mixed Platforms.Build.0 = Debug|Any CPU
		{D5B8A656-C0FA-4414-9526-FDB780681155}.Debug|x86.ActiveCfg = Debug|Any CPU
		{D5B8A656-C0FA-4414-9526-FDB780681155}.Release|Any CPU.ActiveCfg = Release|Any CPU
		{D5B8A656-C0FA-4414-9526-FDB780681155}.Release|Any CPU.Build.0 = Release|Any CPU
		{D5B8A656-C0FA-4414-9526-FDB780681155}.Release|ARM.ActiveCfg = Release|Any CPU
		{D5B8A656-C0FA-4414-9526-FDB780681155}.Release|iPhone.ActiveCfg = Release|Any CPU
		{D5B8A656-C0FA-4414-9526-FDB780681155}.Release|iPhoneSimulator.ActiveCfg = Release|Any CPU
		{D5B8A656-C0FA-4414-9526-FDB780681155}.Release|Mixed Platforms.ActiveCfg = Release|Any CPU
		{D5B8A656-C0FA-4414-9526-FDB780681155}.Release|Mixed Platforms.Build.0 = Release|Any CPU
		{D5B8A656-C0FA-4414-9526-FDB780681155}.Release|x86.ActiveCfg = Release|Any CPU
		{D8ABED42-4C20-4540-89FE-FC8F5E99E872}.Ad-Hoc|Any CPU.ActiveCfg = Ad-Hoc|iPhone
		{D8ABED42-4C20-4540-89FE-FC8F5E99E872}.Ad-Hoc|ARM.ActiveCfg = Ad-Hoc|iPhone
		{D8ABED42-4C20-4540-89FE-FC8F5E99E872}.Ad-Hoc|iPhone.ActiveCfg = Ad-Hoc|iPhone
		{D8ABED42-4C20-4540-89FE-FC8F5E99E872}.Ad-Hoc|iPhone.Build.0 = Ad-Hoc|iPhone
		{D8ABED42-4C20-4540-89FE-FC8F5E99E872}.Ad-Hoc|iPhoneSimulator.ActiveCfg = Ad-Hoc|iPhoneSimulator
		{D8ABED42-4C20-4540-89FE-FC8F5E99E872}.Ad-Hoc|iPhoneSimulator.Build.0 = Ad-Hoc|iPhoneSimulator
		{D8ABED42-4C20-4540-89FE-FC8F5E99E872}.Ad-Hoc|Mixed Platforms.ActiveCfg = Ad-Hoc|iPhone
		{D8ABED42-4C20-4540-89FE-FC8F5E99E872}.Ad-Hoc|Mixed Platforms.Build.0 = Ad-Hoc|iPhone
		{D8ABED42-4C20-4540-89FE-FC8F5E99E872}.Ad-Hoc|x86.ActiveCfg = Ad-Hoc|iPhone
		{D8ABED42-4C20-4540-89FE-FC8F5E99E872}.AppStore|Any CPU.ActiveCfg = AppStore|iPhone
		{D8ABED42-4C20-4540-89FE-FC8F5E99E872}.AppStore|ARM.ActiveCfg = AppStore|iPhone
		{D8ABED42-4C20-4540-89FE-FC8F5E99E872}.AppStore|iPhone.ActiveCfg = AppStore|iPhone
		{D8ABED42-4C20-4540-89FE-FC8F5E99E872}.AppStore|iPhone.Build.0 = AppStore|iPhone
		{D8ABED42-4C20-4540-89FE-FC8F5E99E872}.AppStore|iPhoneSimulator.ActiveCfg = AppStore|iPhoneSimulator
		{D8ABED42-4C20-4540-89FE-FC8F5E99E872}.AppStore|iPhoneSimulator.Build.0 = AppStore|iPhoneSimulator
		{D8ABED42-4C20-4540-89FE-FC8F5E99E872}.AppStore|Mixed Platforms.ActiveCfg = AppStore|iPhone
		{D8ABED42-4C20-4540-89FE-FC8F5E99E872}.AppStore|Mixed Platforms.Build.0 = AppStore|iPhone
		{D8ABED42-4C20-4540-89FE-FC8F5E99E872}.AppStore|x86.ActiveCfg = AppStore|iPhone
		{D8ABED42-4C20-4540-89FE-FC8F5E99E872}.Debug|Any CPU.ActiveCfg = Debug|iPhone
		{D8ABED42-4C20-4540-89FE-FC8F5E99E872}.Debug|ARM.ActiveCfg = Debug|iPhone
		{D8ABED42-4C20-4540-89FE-FC8F5E99E872}.Debug|iPhone.ActiveCfg = Debug|iPhone
		{D8ABED42-4C20-4540-89FE-FC8F5E99E872}.Debug|iPhone.Build.0 = Debug|iPhone
		{D8ABED42-4C20-4540-89FE-FC8F5E99E872}.Debug|iPhoneSimulator.ActiveCfg = Debug|iPhoneSimulator
		{D8ABED42-4C20-4540-89FE-FC8F5E99E872}.Debug|iPhoneSimulator.Build.0 = Debug|iPhoneSimulator
		{D8ABED42-4C20-4540-89FE-FC8F5E99E872}.Debug|Mixed Platforms.ActiveCfg = Debug|iPhone
		{D8ABED42-4C20-4540-89FE-FC8F5E99E872}.Debug|Mixed Platforms.Build.0 = Debug|iPhone
		{D8ABED42-4C20-4540-89FE-FC8F5E99E872}.Debug|x86.ActiveCfg = Debug|iPhone
		{D8ABED42-4C20-4540-89FE-FC8F5E99E872}.Release|Any CPU.ActiveCfg = Release|iPhone
		{D8ABED42-4C20-4540-89FE-FC8F5E99E872}.Release|ARM.ActiveCfg = Release|iPhone
		{D8ABED42-4C20-4540-89FE-FC8F5E99E872}.Release|iPhone.ActiveCfg = Release|iPhone
		{D8ABED42-4C20-4540-89FE-FC8F5E99E872}.Release|iPhone.Build.0 = Release|iPhone
		{D8ABED42-4C20-4540-89FE-FC8F5E99E872}.Release|iPhoneSimulator.ActiveCfg = Release|iPhoneSimulator
		{D8ABED42-4C20-4540-89FE-FC8F5E99E872}.Release|iPhoneSimulator.Build.0 = Release|iPhoneSimulator
		{D8ABED42-4C20-4540-89FE-FC8F5E99E872}.Release|Mixed Platforms.ActiveCfg = Release|iPhone
		{D8ABED42-4C20-4540-89FE-FC8F5E99E872}.Release|Mixed Platforms.Build.0 = Release|iPhone
		{D8ABED42-4C20-4540-89FE-FC8F5E99E872}.Release|x86.ActiveCfg = Release|iPhone
		{930E9CF3-5341-4BEE-B770-C5DFE0222ACC}.Ad-Hoc|Any CPU.ActiveCfg = Release|Any CPU
		{930E9CF3-5341-4BEE-B770-C5DFE0222ACC}.Ad-Hoc|Any CPU.Build.0 = Release|Any CPU
		{930E9CF3-5341-4BEE-B770-C5DFE0222ACC}.Ad-Hoc|Any CPU.Deploy.0 = Release|Any CPU
		{930E9CF3-5341-4BEE-B770-C5DFE0222ACC}.Ad-Hoc|ARM.ActiveCfg = Release|Any CPU
		{930E9CF3-5341-4BEE-B770-C5DFE0222ACC}.Ad-Hoc|iPhone.ActiveCfg = Release|Any CPU
		{930E9CF3-5341-4BEE-B770-C5DFE0222ACC}.Ad-Hoc|iPhoneSimulator.ActiveCfg = Release|Any CPU
		{930E9CF3-5341-4BEE-B770-C5DFE0222ACC}.Ad-Hoc|Mixed Platforms.ActiveCfg = Release|Any CPU
		{930E9CF3-5341-4BEE-B770-C5DFE0222ACC}.Ad-Hoc|Mixed Platforms.Build.0 = Release|Any CPU
		{930E9CF3-5341-4BEE-B770-C5DFE0222ACC}.Ad-Hoc|Mixed Platforms.Deploy.0 = Release|Any CPU
		{930E9CF3-5341-4BEE-B770-C5DFE0222ACC}.Ad-Hoc|x86.ActiveCfg = Release|Any CPU
		{930E9CF3-5341-4BEE-B770-C5DFE0222ACC}.AppStore|Any CPU.ActiveCfg = Release|Any CPU
		{930E9CF3-5341-4BEE-B770-C5DFE0222ACC}.AppStore|Any CPU.Build.0 = Release|Any CPU
		{930E9CF3-5341-4BEE-B770-C5DFE0222ACC}.AppStore|Any CPU.Deploy.0 = Release|Any CPU
		{930E9CF3-5341-4BEE-B770-C5DFE0222ACC}.AppStore|ARM.ActiveCfg = Release|Any CPU
		{930E9CF3-5341-4BEE-B770-C5DFE0222ACC}.AppStore|iPhone.ActiveCfg = Release|Any CPU
		{930E9CF3-5341-4BEE-B770-C5DFE0222ACC}.AppStore|iPhoneSimulator.ActiveCfg = Release|Any CPU
		{930E9CF3-5341-4BEE-B770-C5DFE0222ACC}.AppStore|Mixed Platforms.ActiveCfg = Release|Any CPU
		{930E9CF3-5341-4BEE-B770-C5DFE0222ACC}.AppStore|Mixed Platforms.Build.0 = Release|Any CPU
		{930E9CF3-5341-4BEE-B770-C5DFE0222ACC}.AppStore|Mixed Platforms.Deploy.0 = Release|Any CPU
		{930E9CF3-5341-4BEE-B770-C5DFE0222ACC}.AppStore|x86.ActiveCfg = Release|Any CPU
		{930E9CF3-5341-4BEE-B770-C5DFE0222ACC}.Debug|Any CPU.ActiveCfg = Debug|Any CPU
		{930E9CF3-5341-4BEE-B770-C5DFE0222ACC}.Debug|Any CPU.Build.0 = Debug|Any CPU
		{930E9CF3-5341-4BEE-B770-C5DFE0222ACC}.Debug|Any CPU.Deploy.0 = Debug|Any CPU
		{930E9CF3-5341-4BEE-B770-C5DFE0222ACC}.Debug|ARM.ActiveCfg = Debug|Any CPU
		{930E9CF3-5341-4BEE-B770-C5DFE0222ACC}.Debug|iPhone.ActiveCfg = Debug|Any CPU
		{930E9CF3-5341-4BEE-B770-C5DFE0222ACC}.Debug|iPhoneSimulator.ActiveCfg = Debug|Any CPU
		{930E9CF3-5341-4BEE-B770-C5DFE0222ACC}.Debug|Mixed Platforms.ActiveCfg = Debug|Any CPU
		{930E9CF3-5341-4BEE-B770-C5DFE0222ACC}.Debug|Mixed Platforms.Build.0 = Debug|Any CPU
		{930E9CF3-5341-4BEE-B770-C5DFE0222ACC}.Debug|Mixed Platforms.Deploy.0 = Debug|Any CPU
		{930E9CF3-5341-4BEE-B770-C5DFE0222ACC}.Debug|x86.ActiveCfg = Debug|Any CPU
		{930E9CF3-5341-4BEE-B770-C5DFE0222ACC}.Release|Any CPU.ActiveCfg = Release|Any CPU
		{930E9CF3-5341-4BEE-B770-C5DFE0222ACC}.Release|Any CPU.Build.0 = Release|Any CPU
		{930E9CF3-5341-4BEE-B770-C5DFE0222ACC}.Release|Any CPU.Deploy.0 = Release|Any CPU
		{930E9CF3-5341-4BEE-B770-C5DFE0222ACC}.Release|ARM.ActiveCfg = Release|Any CPU
		{930E9CF3-5341-4BEE-B770-C5DFE0222ACC}.Release|iPhone.ActiveCfg = Release|Any CPU
		{930E9CF3-5341-4BEE-B770-C5DFE0222ACC}.Release|iPhoneSimulator.ActiveCfg = Release|Any CPU
		{930E9CF3-5341-4BEE-B770-C5DFE0222ACC}.Release|Mixed Platforms.ActiveCfg = Release|Any CPU
		{930E9CF3-5341-4BEE-B770-C5DFE0222ACC}.Release|Mixed Platforms.Build.0 = Release|Any CPU
		{930E9CF3-5341-4BEE-B770-C5DFE0222ACC}.Release|Mixed Platforms.Deploy.0 = Release|Any CPU
		{930E9CF3-5341-4BEE-B770-C5DFE0222ACC}.Release|x86.ActiveCfg = Release|Any CPU
		{DA4DACD0-5794-4551-AD8E-C549AD48CC8C}.Ad-Hoc|Any CPU.ActiveCfg = Release|Any CPU
		{DA4DACD0-5794-4551-AD8E-C549AD48CC8C}.Ad-Hoc|Any CPU.Build.0 = Release|Any CPU
		{DA4DACD0-5794-4551-AD8E-C549AD48CC8C}.Ad-Hoc|Any CPU.Deploy.0 = Release|Any CPU
		{DA4DACD0-5794-4551-AD8E-C549AD48CC8C}.Ad-Hoc|ARM.ActiveCfg = Release|ARM
		{DA4DACD0-5794-4551-AD8E-C549AD48CC8C}.Ad-Hoc|ARM.Build.0 = Release|ARM
		{DA4DACD0-5794-4551-AD8E-C549AD48CC8C}.Ad-Hoc|ARM.Deploy.0 = Release|ARM
		{DA4DACD0-5794-4551-AD8E-C549AD48CC8C}.Ad-Hoc|iPhone.ActiveCfg = Release|Any CPU
		{DA4DACD0-5794-4551-AD8E-C549AD48CC8C}.Ad-Hoc|iPhoneSimulator.ActiveCfg = Release|Any CPU
		{DA4DACD0-5794-4551-AD8E-C549AD48CC8C}.Ad-Hoc|Mixed Platforms.ActiveCfg = Release|x86
		{DA4DACD0-5794-4551-AD8E-C549AD48CC8C}.Ad-Hoc|Mixed Platforms.Build.0 = Release|x86
		{DA4DACD0-5794-4551-AD8E-C549AD48CC8C}.Ad-Hoc|Mixed Platforms.Deploy.0 = Release|x86
		{DA4DACD0-5794-4551-AD8E-C549AD48CC8C}.Ad-Hoc|x86.ActiveCfg = Release|x86
		{DA4DACD0-5794-4551-AD8E-C549AD48CC8C}.Ad-Hoc|x86.Build.0 = Release|x86
		{DA4DACD0-5794-4551-AD8E-C549AD48CC8C}.Ad-Hoc|x86.Deploy.0 = Release|x86
		{DA4DACD0-5794-4551-AD8E-C549AD48CC8C}.AppStore|Any CPU.ActiveCfg = Release|Any CPU
		{DA4DACD0-5794-4551-AD8E-C549AD48CC8C}.AppStore|Any CPU.Build.0 = Release|Any CPU
		{DA4DACD0-5794-4551-AD8E-C549AD48CC8C}.AppStore|Any CPU.Deploy.0 = Release|Any CPU
		{DA4DACD0-5794-4551-AD8E-C549AD48CC8C}.AppStore|ARM.ActiveCfg = Release|ARM
		{DA4DACD0-5794-4551-AD8E-C549AD48CC8C}.AppStore|ARM.Build.0 = Release|ARM
		{DA4DACD0-5794-4551-AD8E-C549AD48CC8C}.AppStore|ARM.Deploy.0 = Release|ARM
		{DA4DACD0-5794-4551-AD8E-C549AD48CC8C}.AppStore|iPhone.ActiveCfg = Release|Any CPU
		{DA4DACD0-5794-4551-AD8E-C549AD48CC8C}.AppStore|iPhoneSimulator.ActiveCfg = Release|Any CPU
		{DA4DACD0-5794-4551-AD8E-C549AD48CC8C}.AppStore|Mixed Platforms.ActiveCfg = Release|x86
		{DA4DACD0-5794-4551-AD8E-C549AD48CC8C}.AppStore|Mixed Platforms.Build.0 = Release|x86
		{DA4DACD0-5794-4551-AD8E-C549AD48CC8C}.AppStore|Mixed Platforms.Deploy.0 = Release|x86
		{DA4DACD0-5794-4551-AD8E-C549AD48CC8C}.AppStore|x86.ActiveCfg = Release|x86
		{DA4DACD0-5794-4551-AD8E-C549AD48CC8C}.AppStore|x86.Build.0 = Release|x86
		{DA4DACD0-5794-4551-AD8E-C549AD48CC8C}.AppStore|x86.Deploy.0 = Release|x86
		{DA4DACD0-5794-4551-AD8E-C549AD48CC8C}.Debug|Any CPU.ActiveCfg = Debug|Any CPU
		{DA4DACD0-5794-4551-AD8E-C549AD48CC8C}.Debug|Any CPU.Build.0 = Debug|Any CPU
		{DA4DACD0-5794-4551-AD8E-C549AD48CC8C}.Debug|Any CPU.Deploy.0 = Debug|Any CPU
		{DA4DACD0-5794-4551-AD8E-C549AD48CC8C}.Debug|ARM.ActiveCfg = Debug|ARM
		{DA4DACD0-5794-4551-AD8E-C549AD48CC8C}.Debug|ARM.Build.0 = Debug|ARM
		{DA4DACD0-5794-4551-AD8E-C549AD48CC8C}.Debug|ARM.Deploy.0 = Debug|ARM
		{DA4DACD0-5794-4551-AD8E-C549AD48CC8C}.Debug|iPhone.ActiveCfg = Debug|Any CPU
		{DA4DACD0-5794-4551-AD8E-C549AD48CC8C}.Debug|iPhoneSimulator.ActiveCfg = Debug|Any CPU
		{DA4DACD0-5794-4551-AD8E-C549AD48CC8C}.Debug|Mixed Platforms.ActiveCfg = Debug|Any CPU
		{DA4DACD0-5794-4551-AD8E-C549AD48CC8C}.Debug|Mixed Platforms.Build.0 = Debug|Any CPU
		{DA4DACD0-5794-4551-AD8E-C549AD48CC8C}.Debug|Mixed Platforms.Deploy.0 = Debug|Any CPU
		{DA4DACD0-5794-4551-AD8E-C549AD48CC8C}.Debug|x86.ActiveCfg = Debug|x86
		{DA4DACD0-5794-4551-AD8E-C549AD48CC8C}.Debug|x86.Build.0 = Debug|x86
		{DA4DACD0-5794-4551-AD8E-C549AD48CC8C}.Debug|x86.Deploy.0 = Debug|x86
		{DA4DACD0-5794-4551-AD8E-C549AD48CC8C}.Release|Any CPU.ActiveCfg = Release|Any CPU
		{DA4DACD0-5794-4551-AD8E-C549AD48CC8C}.Release|Any CPU.Build.0 = Release|Any CPU
		{DA4DACD0-5794-4551-AD8E-C549AD48CC8C}.Release|Any CPU.Deploy.0 = Release|Any CPU
		{DA4DACD0-5794-4551-AD8E-C549AD48CC8C}.Release|ARM.ActiveCfg = Release|ARM
		{DA4DACD0-5794-4551-AD8E-C549AD48CC8C}.Release|ARM.Build.0 = Release|ARM
		{DA4DACD0-5794-4551-AD8E-C549AD48CC8C}.Release|ARM.Deploy.0 = Release|ARM
		{DA4DACD0-5794-4551-AD8E-C549AD48CC8C}.Release|iPhone.ActiveCfg = Release|Any CPU
		{DA4DACD0-5794-4551-AD8E-C549AD48CC8C}.Release|iPhoneSimulator.ActiveCfg = Release|Any CPU
		{DA4DACD0-5794-4551-AD8E-C549AD48CC8C}.Release|Mixed Platforms.ActiveCfg = Release|x86
		{DA4DACD0-5794-4551-AD8E-C549AD48CC8C}.Release|Mixed Platforms.Build.0 = Release|x86
		{DA4DACD0-5794-4551-AD8E-C549AD48CC8C}.Release|Mixed Platforms.Deploy.0 = Release|x86
		{DA4DACD0-5794-4551-AD8E-C549AD48CC8C}.Release|x86.ActiveCfg = Release|x86
		{DA4DACD0-5794-4551-AD8E-C549AD48CC8C}.Release|x86.Build.0 = Release|x86
		{DA4DACD0-5794-4551-AD8E-C549AD48CC8C}.Release|x86.Deploy.0 = Release|x86
		{67F9D3A8-F71E-4428-913F-C37AE82CDB24}.Ad-Hoc|Any CPU.ActiveCfg = Release|Any CPU
		{67F9D3A8-F71E-4428-913F-C37AE82CDB24}.Ad-Hoc|Any CPU.Build.0 = Release|Any CPU
		{67F9D3A8-F71E-4428-913F-C37AE82CDB24}.Ad-Hoc|ARM.ActiveCfg = Release|Any CPU
		{67F9D3A8-F71E-4428-913F-C37AE82CDB24}.Ad-Hoc|iPhone.ActiveCfg = Release|Any CPU
		{67F9D3A8-F71E-4428-913F-C37AE82CDB24}.Ad-Hoc|iPhoneSimulator.ActiveCfg = Release|Any CPU
		{67F9D3A8-F71E-4428-913F-C37AE82CDB24}.Ad-Hoc|Mixed Platforms.ActiveCfg = Release|Any CPU
		{67F9D3A8-F71E-4428-913F-C37AE82CDB24}.Ad-Hoc|Mixed Platforms.Build.0 = Release|Any CPU
		{67F9D3A8-F71E-4428-913F-C37AE82CDB24}.Ad-Hoc|x86.ActiveCfg = Release|Any CPU
		{67F9D3A8-F71E-4428-913F-C37AE82CDB24}.AppStore|Any CPU.ActiveCfg = Release|Any CPU
		{67F9D3A8-F71E-4428-913F-C37AE82CDB24}.AppStore|Any CPU.Build.0 = Release|Any CPU
		{67F9D3A8-F71E-4428-913F-C37AE82CDB24}.AppStore|ARM.ActiveCfg = Release|Any CPU
		{67F9D3A8-F71E-4428-913F-C37AE82CDB24}.AppStore|iPhone.ActiveCfg = Release|Any CPU
		{67F9D3A8-F71E-4428-913F-C37AE82CDB24}.AppStore|iPhoneSimulator.ActiveCfg = Release|Any CPU
		{67F9D3A8-F71E-4428-913F-C37AE82CDB24}.AppStore|Mixed Platforms.ActiveCfg = Release|Any CPU
		{67F9D3A8-F71E-4428-913F-C37AE82CDB24}.AppStore|Mixed Platforms.Build.0 = Release|Any CPU
		{67F9D3A8-F71E-4428-913F-C37AE82CDB24}.AppStore|x86.ActiveCfg = Release|Any CPU
		{67F9D3A8-F71E-4428-913F-C37AE82CDB24}.Debug|Any CPU.ActiveCfg = Debug|Any CPU
		{67F9D3A8-F71E-4428-913F-C37AE82CDB24}.Debug|Any CPU.Build.0 = Debug|Any CPU
		{67F9D3A8-F71E-4428-913F-C37AE82CDB24}.Debug|ARM.ActiveCfg = Debug|Any CPU
		{67F9D3A8-F71E-4428-913F-C37AE82CDB24}.Debug|iPhone.ActiveCfg = Debug|Any CPU
		{67F9D3A8-F71E-4428-913F-C37AE82CDB24}.Debug|iPhoneSimulator.ActiveCfg = Debug|Any CPU
		{67F9D3A8-F71E-4428-913F-C37AE82CDB24}.Debug|Mixed Platforms.ActiveCfg = Debug|Any CPU
		{67F9D3A8-F71E-4428-913F-C37AE82CDB24}.Debug|Mixed Platforms.Build.0 = Debug|Any CPU
		{67F9D3A8-F71E-4428-913F-C37AE82CDB24}.Debug|x86.ActiveCfg = Debug|Any CPU
		{67F9D3A8-F71E-4428-913F-C37AE82CDB24}.Release|Any CPU.ActiveCfg = Release|Any CPU
		{67F9D3A8-F71E-4428-913F-C37AE82CDB24}.Release|Any CPU.Build.0 = Release|Any CPU
		{67F9D3A8-F71E-4428-913F-C37AE82CDB24}.Release|ARM.ActiveCfg = Release|Any CPU
		{67F9D3A8-F71E-4428-913F-C37AE82CDB24}.Release|iPhone.ActiveCfg = Release|Any CPU
		{67F9D3A8-F71E-4428-913F-C37AE82CDB24}.Release|iPhoneSimulator.ActiveCfg = Release|Any CPU
		{67F9D3A8-F71E-4428-913F-C37AE82CDB24}.Release|Mixed Platforms.ActiveCfg = Release|Any CPU
		{67F9D3A8-F71E-4428-913F-C37AE82CDB24}.Release|Mixed Platforms.Build.0 = Release|Any CPU
		{67F9D3A8-F71E-4428-913F-C37AE82CDB24}.Release|x86.ActiveCfg = Release|Any CPU
	EndGlobalSection
	GlobalSection(SolutionProperties) = preSolution
		HideSolutionNode = FALSE
	EndGlobalSection
EndGlobal
