
Microsoft Visual Studio Solution File, Format Version 12.00
# Visual Studio 2013
VisualStudioVersion = 12.0.30723.0
MinimumVisualStudioVersion = 10.0.40219.1
Project("{FAE04EC0-301F-11D3-BF4B-00C04F79EFBC}") = "TodoApp", "TodoApp\TodoApp\TodoApp.csproj", "{F9862507-0A57-4AAF-A698-ECCB89821E2A}"
EndProject
Project("{FAE04EC0-301F-11D3-BF4B-00C04F79EFBC}") = "TodoApp.iOS", "TodoApp\TodoApp.iOS\TodoApp.iOS.csproj", "{7CA4ED0F-337D-4CF2-AE11-0E682D1B7D85}"
EndProject
Project("{FAE04EC0-301F-11D3-BF4B-00C04F79EFBC}") = "TodoApp.Android", "TodoApp\TodoApp.Android\TodoApp.Android.csproj", "{5B38C0F5-C608-4BDA-98E5-95565369E705}"
EndProject
Project("{FAE04EC0-301F-11D3-BF4B-00C04F79EFBC}") = "TodoApp.WinPhone", "TodoApp\TodoApp.WinPhone\TodoApp.WinPhone.csproj", "{BC0DEEDB-F5D6-4EEE-9717-222F02040CAB}"
EndProject
Global
	GlobalSection(SolutionConfigurationPlatforms) = preSolution
		Ad-Hoc|Any CPU = Ad-Hoc|Any CPU
		Ad-Hoc|ARM = Ad-Hoc|ARM
		Ad-Hoc|iPhone = Ad-Hoc|iPhone
		Ad-Hoc|iPhoneSimulator = Ad-Hoc|iPhoneSimulator
		Ad-Hoc|Mixed Platforms = Ad-Hoc|Mixed Platforms
		Ad-Hoc|x86 = Ad-Hoc|x86
		AppStore|Any CPU = AppStore|Any CPU
		AppStore|ARM = AppStore|ARM
		AppStore|iPhone = AppStore|iPhone
		AppStore|iPhoneSimulator = AppStore|iPhoneSimulator
		AppStore|Mixed Platforms = AppStore|Mixed Platforms
		AppStore|x86 = AppStore|x86
		Debug|Any CPU = Debug|Any CPU
		Debug|ARM = Debug|ARM
		Debug|iPhone = Debug|iPhone
		Debug|iPhoneSimulator = Debug|iPhoneSimulator
		Debug|Mixed Platforms = Debug|Mixed Platforms
		Debug|x86 = Debug|x86
		Release|Any CPU = Release|Any CPU
		Release|ARM = Release|ARM
		Release|iPhone = Release|iPhone
		Release|iPhoneSimulator = Release|iPhoneSimulator
		Release|Mixed Platforms = Release|Mixed Platforms
		Release|x86 = Release|x86
	EndGlobalSection
	GlobalSection(ProjectConfigurationPlatforms) = postSolution
		{F9862507-0A57-4AAF-A698-ECCB89821E2A}.Ad-Hoc|Any CPU.ActiveCfg = Release|Any CPU
		{F9862507-0A57-4AAF-A698-ECCB89821E2A}.Ad-Hoc|Any CPU.Build.0 = Release|Any CPU
		{F9862507-0A57-4AAF-A698-ECCB89821E2A}.Ad-Hoc|ARM.ActiveCfg = Release|Any CPU
		{F9862507-0A57-4AAF-A698-ECCB89821E2A}.Ad-Hoc|iPhone.ActiveCfg = Release|Any CPU
		{F9862507-0A57-4AAF-A698-ECCB89821E2A}.Ad-Hoc|iPhoneSimulator.ActiveCfg = Release|Any CPU
		{F9862507-0A57-4AAF-A698-ECCB89821E2A}.Ad-Hoc|Mixed Platforms.ActiveCfg = Release|Any CPU
		{F9862507-0A57-4AAF-A698-ECCB89821E2A}.Ad-Hoc|Mixed Platforms.Build.0 = Release|Any CPU
		{F9862507-0A57-4AAF-A698-ECCB89821E2A}.Ad-Hoc|x86.ActiveCfg = Release|Any CPU
		{F9862507-0A57-4AAF-A698-ECCB89821E2A}.AppStore|Any CPU.ActiveCfg = Release|Any CPU
		{F9862507-0A57-4AAF-A698-ECCB89821E2A}.AppStore|Any CPU.Build.0 = Release|Any CPU
		{F9862507-0A57-4AAF-A698-ECCB89821E2A}.AppStore|ARM.ActiveCfg = Release|Any CPU
		{F9862507-0A57-4AAF-A698-ECCB89821E2A}.AppStore|iPhone.ActiveCfg = Release|Any CPU
		{F9862507-0A57-4AAF-A698-ECCB89821E2A}.AppStore|iPhoneSimulator.ActiveCfg = Release|Any CPU
		{F9862507-0A57-4AAF-A698-ECCB89821E2A}.AppStore|Mixed Platforms.ActiveCfg = Release|Any CPU
		{F9862507-0A57-4AAF-A698-ECCB89821E2A}.AppStore|Mixed Platforms.Build.0 = Release|Any CPU
		{F9862507-0A57-4AAF-A698-ECCB89821E2A}.AppStore|x86.ActiveCfg = Release|Any CPU
		{F9862507-0A57-4AAF-A698-ECCB89821E2A}.Debug|Any CPU.ActiveCfg = Debug|Any CPU
		{F9862507-0A57-4AAF-A698-ECCB89821E2A}.Debug|Any CPU.Build.0 = Debug|Any CPU
		{F9862507-0A57-4AAF-A698-ECCB89821E2A}.Debug|ARM.ActiveCfg = Debug|Any CPU
		{F9862507-0A57-4AAF-A698-ECCB89821E2A}.Debug|iPhone.ActiveCfg = Debug|Any CPU
		{F9862507-0A57-4AAF-A698-ECCB89821E2A}.Debug|iPhoneSimulator.ActiveCfg = Debug|Any CPU
		{F9862507-0A57-4AAF-A698-ECCB89821E2A}.Debug|Mixed Platforms.ActiveCfg = Debug|Any CPU
		{F9862507-0A57-4AAF-A698-ECCB89821E2A}.Debug|Mixed Platforms.Build.0 = Debug|Any CPU
		{F9862507-0A57-4AAF-A698-ECCB89821E2A}.Debug|x86.ActiveCfg = Debug|Any CPU
		{F9862507-0A57-4AAF-A698-ECCB89821E2A}.Release|Any CPU.ActiveCfg = Release|Any CPU
		{F9862507-0A57-4AAF-A698-ECCB89821E2A}.Release|Any CPU.Build.0 = Release|Any CPU
		{F9862507-0A57-4AAF-A698-ECCB89821E2A}.Release|ARM.ActiveCfg = Release|Any CPU
		{F9862507-0A57-4AAF-A698-ECCB89821E2A}.Release|iPhone.ActiveCfg = Release|Any CPU
		{F9862507-0A57-4AAF-A698-ECCB89821E2A}.Release|iPhoneSimulator.ActiveCfg = Release|Any CPU
		{F9862507-0A57-4AAF-A698-ECCB89821E2A}.Release|Mixed Platforms.ActiveCfg = Release|Any CPU
		{F9862507-0A57-4AAF-A698-ECCB89821E2A}.Release|Mixed Platforms.Build.0 = Release|Any CPU
		{F9862507-0A57-4AAF-A698-ECCB89821E2A}.Release|x86.ActiveCfg = Release|Any CPU
		{7CA4ED0F-337D-4CF2-AE11-0E682D1B7D85}.Ad-Hoc|Any CPU.ActiveCfg = Ad-Hoc|iPhone
		{7CA4ED0F-337D-4CF2-AE11-0E682D1B7D85}.Ad-Hoc|ARM.ActiveCfg = Ad-Hoc|iPhone
		{7CA4ED0F-337D-4CF2-AE11-0E682D1B7D85}.Ad-Hoc|iPhone.ActiveCfg = Ad-Hoc|iPhone
		{7CA4ED0F-337D-4CF2-AE11-0E682D1B7D85}.Ad-Hoc|iPhone.Build.0 = Ad-Hoc|iPhone
		{7CA4ED0F-337D-4CF2-AE11-0E682D1B7D85}.Ad-Hoc|iPhoneSimulator.ActiveCfg = Ad-Hoc|iPhoneSimulator
		{7CA4ED0F-337D-4CF2-AE11-0E682D1B7D85}.Ad-Hoc|iPhoneSimulator.Build.0 = Ad-Hoc|iPhoneSimulator
		{7CA4ED0F-337D-4CF2-AE11-0E682D1B7D85}.Ad-Hoc|Mixed Platforms.ActiveCfg = Ad-Hoc|iPhone
		{7CA4ED0F-337D-4CF2-AE11-0E682D1B7D85}.Ad-Hoc|Mixed Platforms.Build.0 = Ad-Hoc|iPhone
		{7CA4ED0F-337D-4CF2-AE11-0E682D1B7D85}.Ad-Hoc|x86.ActiveCfg = Ad-Hoc|iPhone
		{7CA4ED0F-337D-4CF2-AE11-0E682D1B7D85}.AppStore|Any CPU.ActiveCfg = AppStore|iPhone
		{7CA4ED0F-337D-4CF2-AE11-0E682D1B7D85}.AppStore|ARM.ActiveCfg = AppStore|iPhone
		{7CA4ED0F-337D-4CF2-AE11-0E682D1B7D85}.AppStore|iPhone.ActiveCfg = AppStore|iPhone
		{7CA4ED0F-337D-4CF2-AE11-0E682D1B7D85}.AppStore|iPhone.Build.0 = AppStore|iPhone
		{7CA4ED0F-337D-4CF2-AE11-0E682D1B7D85}.AppStore|iPhoneSimulator.ActiveCfg = AppStore|iPhoneSimulator
		{7CA4ED0F-337D-4CF2-AE11-0E682D1B7D85}.AppStore|iPhoneSimulator.Build.0 = AppStore|iPhoneSimulator
		{7CA4ED0F-337D-4CF2-AE11-0E682D1B7D85}.AppStore|Mixed Platforms.ActiveCfg = AppStore|iPhone
		{7CA4ED0F-337D-4CF2-AE11-0E682D1B7D85}.AppStore|Mixed Platforms.Build.0 = AppStore|iPhone
		{7CA4ED0F-337D-4CF2-AE11-0E682D1B7D85}.AppStore|x86.ActiveCfg = AppStore|iPhone
		{7CA4ED0F-337D-4CF2-AE11-0E682D1B7D85}.Debug|Any CPU.ActiveCfg = Debug|iPhone
		{7CA4ED0F-337D-4CF2-AE11-0E682D1B7D85}.Debug|ARM.ActiveCfg = Debug|iPhone
		{7CA4ED0F-337D-4CF2-AE11-0E682D1B7D85}.Debug|iPhone.ActiveCfg = Debug|iPhone
		{7CA4ED0F-337D-4CF2-AE11-0E682D1B7D85}.Debug|iPhone.Build.0 = Debug|iPhone
		{7CA4ED0F-337D-4CF2-AE11-0E682D1B7D85}.Debug|iPhoneSimulator.ActiveCfg = Debug|iPhoneSimulator
		{7CA4ED0F-337D-4CF2-AE11-0E682D1B7D85}.Debug|iPhoneSimulator.Build.0 = Debug|iPhoneSimulator
		{7CA4ED0F-337D-4CF2-AE11-0E682D1B7D85}.Debug|Mixed Platforms.ActiveCfg = Debug|iPhone
		{7CA4ED0F-337D-4CF2-AE11-0E682D1B7D85}.Debug|Mixed Platforms.Build.0 = Debug|iPhone
		{7CA4ED0F-337D-4CF2-AE11-0E682D1B7D85}.Debug|x86.ActiveCfg = Debug|iPhone
		{7CA4ED0F-337D-4CF2-AE11-0E682D1B7D85}.Release|Any CPU.ActiveCfg = Release|iPhone
		{7CA4ED0F-337D-4CF2-AE11-0E682D1B7D85}.Release|ARM.ActiveCfg = Release|iPhone
		{7CA4ED0F-337D-4CF2-AE11-0E682D1B7D85}.Release|iPhone.ActiveCfg = Release|iPhone
		{7CA4ED0F-337D-4CF2-AE11-0E682D1B7D85}.Release|iPhone.Build.0 = Release|iPhone
		{7CA4ED0F-337D-4CF2-AE11-0E682D1B7D85}.Release|iPhoneSimulator.ActiveCfg = Release|iPhoneSimulator
		{7CA4ED0F-337D-4CF2-AE11-0E682D1B7D85}.Release|iPhoneSimulator.Build.0 = Release|iPhoneSimulator
		{7CA4ED0F-337D-4CF2-AE11-0E682D1B7D85}.Release|Mixed Platforms.ActiveCfg = Release|iPhone
		{7CA4ED0F-337D-4CF2-AE11-0E682D1B7D85}.Release|Mixed Platforms.Build.0 = Release|iPhone
		{7CA4ED0F-337D-4CF2-AE11-0E682D1B7D85}.Release|x86.ActiveCfg = Release|iPhone
		{5B38C0F5-C608-4BDA-98E5-95565369E705}.Ad-Hoc|Any CPU.ActiveCfg = Release|Any CPU
		{5B38C0F5-C608-4BDA-98E5-95565369E705}.Ad-Hoc|Any CPU.Build.0 = Release|Any CPU
		{5B38C0F5-C608-4BDA-98E5-95565369E705}.Ad-Hoc|Any CPU.Deploy.0 = Release|Any CPU
		{5B38C0F5-C608-4BDA-98E5-95565369E705}.Ad-Hoc|ARM.ActiveCfg = Release|Any CPU
		{5B38C0F5-C608-4BDA-98E5-95565369E705}.Ad-Hoc|iPhone.ActiveCfg = Release|Any CPU
		{5B38C0F5-C608-4BDA-98E5-95565369E705}.Ad-Hoc|iPhoneSimulator.ActiveCfg = Release|Any CPU
		{5B38C0F5-C608-4BDA-98E5-95565369E705}.Ad-Hoc|Mixed Platforms.ActiveCfg = Release|Any CPU
		{5B38C0F5-C608-4BDA-98E5-95565369E705}.Ad-Hoc|Mixed Platforms.Build.0 = Release|Any CPU
		{5B38C0F5-C608-4BDA-98E5-95565369E705}.Ad-Hoc|Mixed Platforms.Deploy.0 = Release|Any CPU
		{5B38C0F5-C608-4BDA-98E5-95565369E705}.Ad-Hoc|x86.ActiveCfg = Release|Any CPU
		{5B38C0F5-C608-4BDA-98E5-95565369E705}.AppStore|Any CPU.ActiveCfg = Release|Any CPU
		{5B38C0F5-C608-4BDA-98E5-95565369E705}.AppStore|Any CPU.Build.0 = Release|Any CPU
		{5B38C0F5-C608-4BDA-98E5-95565369E705}.AppStore|Any CPU.Deploy.0 = Release|Any CPU
		{5B38C0F5-C608-4BDA-98E5-95565369E705}.AppStore|ARM.ActiveCfg = Release|Any CPU
		{5B38C0F5-C608-4BDA-98E5-95565369E705}.AppStore|iPhone.ActiveCfg = Release|Any CPU
		{5B38C0F5-C608-4BDA-98E5-95565369E705}.AppStore|iPhoneSimulator.ActiveCfg = Release|Any CPU
		{5B38C0F5-C608-4BDA-98E5-95565369E705}.AppStore|Mixed Platforms.ActiveCfg = Release|Any CPU
		{5B38C0F5-C608-4BDA-98E5-95565369E705}.AppStore|Mixed Platforms.Build.0 = Release|Any CPU
		{5B38C0F5-C608-4BDA-98E5-95565369E705}.AppStore|Mixed Platforms.Deploy.0 = Release|Any CPU
		{5B38C0F5-C608-4BDA-98E5-95565369E705}.AppStore|x86.ActiveCfg = Release|Any CPU
		{5B38C0F5-C608-4BDA-98E5-95565369E705}.Debug|Any CPU.ActiveCfg = Debug|Any CPU
		{5B38C0F5-C608-4BDA-98E5-95565369E705}.Debug|Any CPU.Build.0 = Debug|Any CPU
		{5B38C0F5-C608-4BDA-98E5-95565369E705}.Debug|Any CPU.Deploy.0 = Debug|Any CPU
		{5B38C0F5-C608-4BDA-98E5-95565369E705}.Debug|ARM.ActiveCfg = Debug|Any CPU
		{5B38C0F5-C608-4BDA-98E5-95565369E705}.Debug|iPhone.ActiveCfg = Debug|Any CPU
		{5B38C0F5-C608-4BDA-98E5-95565369E705}.Debug|iPhoneSimulator.ActiveCfg = Debug|Any CPU
		{5B38C0F5-C608-4BDA-98E5-95565369E705}.Debug|Mixed Platforms.ActiveCfg = Debug|Any CPU
		{5B38C0F5-C608-4BDA-98E5-95565369E705}.Debug|Mixed Platforms.Build.0 = Debug|Any CPU
		{5B38C0F5-C608-4BDA-98E5-95565369E705}.Debug|Mixed Platforms.Deploy.0 = Debug|Any CPU
		{5B38C0F5-C608-4BDA-98E5-95565369E705}.Debug|x86.ActiveCfg = Debug|Any CPU
		{5B38C0F5-C608-4BDA-98E5-95565369E705}.Release|Any CPU.ActiveCfg = Release|Any CPU
		{5B38C0F5-C608-4BDA-98E5-95565369E705}.Release|Any CPU.Build.0 = Release|Any CPU
		{5B38C0F5-C608-4BDA-98E5-95565369E705}.Release|Any CPU.Deploy.0 = Release|Any CPU
		{5B38C0F5-C608-4BDA-98E5-95565369E705}.Release|ARM.ActiveCfg = Release|Any CPU
		{5B38C0F5-C608-4BDA-98E5-95565369E705}.Release|iPhone.ActiveCfg = Release|Any CPU
		{5B38C0F5-C608-4BDA-98E5-95565369E705}.Release|iPhoneSimulator.ActiveCfg = Release|Any CPU
		{5B38C0F5-C608-4BDA-98E5-95565369E705}.Release|Mixed Platforms.ActiveCfg = Release|Any CPU
		{5B38C0F5-C608-4BDA-98E5-95565369E705}.Release|Mixed Platforms.Build.0 = Release|Any CPU
		{5B38C0F5-C608-4BDA-98E5-95565369E705}.Release|Mixed Platforms.Deploy.0 = Release|Any CPU
		{5B38C0F5-C608-4BDA-98E5-95565369E705}.Release|x86.ActiveCfg = Release|Any CPU
		{BC0DEEDB-F5D6-4EEE-9717-222F02040CAB}.Ad-Hoc|Any CPU.ActiveCfg = Release|Any CPU
		{BC0DEEDB-F5D6-4EEE-9717-222F02040CAB}.Ad-Hoc|Any CPU.Build.0 = Release|Any CPU
		{BC0DEEDB-F5D6-4EEE-9717-222F02040CAB}.Ad-Hoc|Any CPU.Deploy.0 = Release|Any CPU
		{BC0DEEDB-F5D6-4EEE-9717-222F02040CAB}.Ad-Hoc|ARM.ActiveCfg = Release|ARM
		{BC0DEEDB-F5D6-4EEE-9717-222F02040CAB}.Ad-Hoc|ARM.Build.0 = Release|ARM
		{BC0DEEDB-F5D6-4EEE-9717-222F02040CAB}.Ad-Hoc|ARM.Deploy.0 = Release|ARM
		{BC0DEEDB-F5D6-4EEE-9717-222F02040CAB}.Ad-Hoc|iPhone.ActiveCfg = Release|Any CPU
		{BC0DEEDB-F5D6-4EEE-9717-222F02040CAB}.Ad-Hoc|iPhoneSimulator.ActiveCfg = Release|Any CPU
		{BC0DEEDB-F5D6-4EEE-9717-222F02040CAB}.Ad-Hoc|Mixed Platforms.ActiveCfg = Release|x86
		{BC0DEEDB-F5D6-4EEE-9717-222F02040CAB}.Ad-Hoc|Mixed Platforms.Build.0 = Release|x86
		{BC0DEEDB-F5D6-4EEE-9717-222F02040CAB}.Ad-Hoc|Mixed Platforms.Deploy.0 = Release|x86
		{BC0DEEDB-F5D6-4EEE-9717-222F02040CAB}.Ad-Hoc|x86.ActiveCfg = Release|x86
		{BC0DEEDB-F5D6-4EEE-9717-222F02040CAB}.Ad-Hoc|x86.Build.0 = Release|x86
		{BC0DEEDB-F5D6-4EEE-9717-222F02040CAB}.Ad-Hoc|x86.Deploy.0 = Release|x86
		{BC0DEEDB-F5D6-4EEE-9717-222F02040CAB}.AppStore|Any CPU.ActiveCfg = Release|Any CPU
		{BC0DEEDB-F5D6-4EEE-9717-222F02040CAB}.AppStore|Any CPU.Build.0 = Release|Any CPU
		{BC0DEEDB-F5D6-4EEE-9717-222F02040CAB}.AppStore|Any CPU.Deploy.0 = Release|Any CPU
		{BC0DEEDB-F5D6-4EEE-9717-222F02040CAB}.AppStore|ARM.ActiveCfg = Release|ARM
		{BC0DEEDB-F5D6-4EEE-9717-222F02040CAB}.AppStore|ARM.Build.0 = Release|ARM
		{BC0DEEDB-F5D6-4EEE-9717-222F02040CAB}.AppStore|ARM.Deploy.0 = Release|ARM
		{BC0DEEDB-F5D6-4EEE-9717-222F02040CAB}.AppStore|iPhone.ActiveCfg = Release|Any CPU
		{BC0DEEDB-F5D6-4EEE-9717-222F02040CAB}.AppStore|iPhoneSimulator.ActiveCfg = Release|Any CPU
		{BC0DEEDB-F5D6-4EEE-9717-222F02040CAB}.AppStore|Mixed Platforms.ActiveCfg = Release|x86
		{BC0DEEDB-F5D6-4EEE-9717-222F02040CAB}.AppStore|Mixed Platforms.Build.0 = Release|x86
		{BC0DEEDB-F5D6-4EEE-9717-222F02040CAB}.AppStore|Mixed Platforms.Deploy.0 = Release|x86
		{BC0DEEDB-F5D6-4EEE-9717-222F02040CAB}.AppStore|x86.ActiveCfg = Release|x86
		{BC0DEEDB-F5D6-4EEE-9717-222F02040CAB}.AppStore|x86.Build.0 = Release|x86
		{BC0DEEDB-F5D6-4EEE-9717-222F02040CAB}.AppStore|x86.Deploy.0 = Release|x86
		{BC0DEEDB-F5D6-4EEE-9717-222F02040CAB}.Debug|Any CPU.ActiveCfg = Debug|Any CPU
		{BC0DEEDB-F5D6-4EEE-9717-222F02040CAB}.Debug|Any CPU.Build.0 = Debug|Any CPU
		{BC0DEEDB-F5D6-4EEE-9717-222F02040CAB}.Debug|Any CPU.Deploy.0 = Debug|Any CPU
		{BC0DEEDB-F5D6-4EEE-9717-222F02040CAB}.Debug|ARM.ActiveCfg = Debug|ARM
		{BC0DEEDB-F5D6-4EEE-9717-222F02040CAB}.Debug|ARM.Build.0 = Debug|ARM
		{BC0DEEDB-F5D6-4EEE-9717-222F02040CAB}.Debug|ARM.Deploy.0 = Debug|ARM
		{BC0DEEDB-F5D6-4EEE-9717-222F02040CAB}.Debug|iPhone.ActiveCfg = Debug|Any CPU
		{BC0DEEDB-F5D6-4EEE-9717-222F02040CAB}.Debug|iPhoneSimulator.ActiveCfg = Debug|Any CPU
		{BC0DEEDB-F5D6-4EEE-9717-222F02040CAB}.Debug|Mixed Platforms.ActiveCfg = Debug|ARM
		{BC0DEEDB-F5D6-4EEE-9717-222F02040CAB}.Debug|Mixed Platforms.Build.0 = Debug|ARM
		{BC0DEEDB-F5D6-4EEE-9717-222F02040CAB}.Debug|Mixed Platforms.Deploy.0 = Debug|ARM
		{BC0DEEDB-F5D6-4EEE-9717-222F02040CAB}.Debug|x86.ActiveCfg = Debug|x86
		{BC0DEEDB-F5D6-4EEE-9717-222F02040CAB}.Debug|x86.Build.0 = Debug|x86
		{BC0DEEDB-F5D6-4EEE-9717-222F02040CAB}.Debug|x86.Deploy.0 = Debug|x86
		{BC0DEEDB-F5D6-4EEE-9717-222F02040CAB}.Release|Any CPU.ActiveCfg = Release|Any CPU
		{BC0DEEDB-F5D6-4EEE-9717-222F02040CAB}.Release|Any CPU.Build.0 = Release|Any CPU
		{BC0DEEDB-F5D6-4EEE-9717-222F02040CAB}.Release|Any CPU.Deploy.0 = Release|Any CPU
		{BC0DEEDB-F5D6-4EEE-9717-222F02040CAB}.Release|ARM.ActiveCfg = Release|ARM
		{BC0DEEDB-F5D6-4EEE-9717-222F02040CAB}.Release|ARM.Build.0 = Release|ARM
		{BC0DEEDB-F5D6-4EEE-9717-222F02040CAB}.Release|ARM.Deploy.0 = Release|ARM
		{BC0DEEDB-F5D6-4EEE-9717-222F02040CAB}.Release|iPhone.ActiveCfg = Release|Any CPU
		{BC0DEEDB-F5D6-4EEE-9717-222F02040CAB}.Release|iPhoneSimulator.ActiveCfg = Release|Any CPU
		{BC0DEEDB-F5D6-4EEE-9717-222F02040CAB}.Release|Mixed Platforms.ActiveCfg = Release|x86
		{BC0DEEDB-F5D6-4EEE-9717-222F02040CAB}.Release|Mixed Platforms.Build.0 = Release|x86
		{BC0DEEDB-F5D6-4EEE-9717-222F02040CAB}.Release|Mixed Platforms.Deploy.0 = Release|x86
		{BC0DEEDB-F5D6-4EEE-9717-222F02040CAB}.Release|x86.ActiveCfg = Release|x86
		{BC0DEEDB-F5D6-4EEE-9717-222F02040CAB}.Release|x86.Build.0 = Release|x86
		{BC0DEEDB-F5D6-4EEE-9717-222F02040CAB}.Release|x86.Deploy.0 = Release|x86
	EndGlobalSection
	GlobalSection(SolutionProperties) = preSolution
		HideSolutionNode = FALSE
	EndGlobalSection
EndGlobal
